{
  "version": 4,
  "terraform_version": "1.6.2",
  "serial": 1202,
  "lineage": "dcdf94c5-861f-7674-dc96-394a560d82cf",
  "outputs": {},
  "resources": [
    {
      "mode": "data",
      "type": "aws_availability_zones",
      "name": "available",
      "provider": "provider[\"registry.terraform.io/hashicorp/aws\"]",
      "instances": [
        {
          "schema_version": 0,
          "attributes": {
            "all_availability_zones": null,
            "exclude_names": null,
            "exclude_zone_ids": null,
            "filter": null,
            "group_names": [
              "us-west-2"
            ],
            "id": "us-west-2",
            "names": [
              "us-west-2a",
              "us-west-2b",
              "us-west-2c",
              "us-west-2d"
            ],
            "state": "available",
            "timeouts": null,
            "zone_ids": [
              "usw2-az2",
              "usw2-az1",
              "usw2-az3",
              "usw2-az4"
            ]
          },
          "sensitive_attributes": []
        }
      ]
    },
    {
      "mode": "managed",
      "type": "aws_autoscaling_group",
      "name": "syself_worker_asg",
      "provider": "provider[\"registry.terraform.io/hashicorp/aws\"]",
      "instances": [
        {
          "schema_version": 0,
          "attributes": {
            "arn": "arn:aws:autoscaling:us-west-2:939895954199:autoScalingGroup:d28d5944-3922-4adb-b1fa-8f7bd83afab0:autoScalingGroupName/syself-worker-nodes20240810131147434100000005",
            "availability_zones": [
              "us-west-2a",
              "us-west-2b",
              "us-west-2c"
            ],
            "capacity_rebalance": false,
            "context": "",
            "default_cooldown": 300,
            "default_instance_warmup": 0,
            "desired_capacity": 3,
            "desired_capacity_type": "",
            "enabled_metrics": null,
            "force_delete": false,
            "force_delete_warm_pool": false,
            "health_check_grace_period": 300,
            "health_check_type": "EC2",
            "id": "syself-worker-nodes20240810131147434100000005",
            "initial_lifecycle_hook": [],
            "instance_refresh": [],
            "launch_configuration": "",
            "launch_template": [
              {
                "id": "lt-04594d381a355eb01",
                "name": "syself-cluster20240810131009332300000001",
                "version": "$Latest"
              }
            ],
            "load_balancers": null,
            "max_instance_lifetime": 0,
            "max_size": 4,
            "metrics_granularity": "1Minute",
            "min_elb_capacity": null,
            "min_size": 3,
            "mixed_instances_policy": [],
            "name": "syself-worker-nodes20240810131147434100000005",
            "name_prefix": "syself-worker-nodes",
            "placement_group": "",
            "predicted_capacity": 0,
            "protect_from_scale_in": false,
            "service_linked_role_arn": "arn:aws:iam::939895954199:role/aws-service-role/autoscaling.amazonaws.com/AWSServiceRoleForAutoScaling",
            "suspended_processes": null,
            "tag": [
              {
                "key": "Name",
                "propagate_at_launch": true,
                "value": "syself-cluster-worker"
              },
              {
                "key": "kubernetes.io/cluster/syself-cluster",
                "propagate_at_launch": true,
                "value": "1"
              }
            ],
            "tags": null,
            "target_group_arns": null,
            "termination_policies": null,
            "timeouts": null,
            "vpc_zone_identifier": [
              "subnet-019fada7ebb2e9571",
              "subnet-05a3d4dc6b65a8451",
              "subnet-071fd8eecebbcde64"
            ],
            "wait_for_capacity_timeout": "10m",
            "wait_for_elb_capacity": null,
            "warm_pool": [],
            "warm_pool_size": 0
          },
          "sensitive_attributes": [],
          "private": "eyJlMmJmYjczMC1lY2FhLTExZTYtOGY4OC0zNDM2M2JjN2M0YzAiOnsiZGVsZXRlIjo2MDAwMDAwMDAwMDAsInVwZGF0ZSI6NjAwMDAwMDAwMDAwfX0=",
          "dependencies": [
            "aws_eip.syself_natgw_eip",
            "aws_key_pair.syself_publickey",
            "aws_launch_template.syself_worker_template",
            "aws_nat_gateway.syself_natgw",
            "aws_security_group.syself_node_sg",
            "aws_subnet.syself_priv_subs",
            "aws_subnet.syself_pub_sub",
            "aws_vpc.syself_vpc",
            "data.aws_availability_zones.available",
            "tls_private_key.syself_privatekey"
          ]
        }
      ]
    },
    {
      "mode": "managed",
      "type": "aws_autoscaling_policy",
      "name": "scale_down",
      "provider": "provider[\"registry.terraform.io/hashicorp/aws\"]",
      "instances": [
        {
          "schema_version": 0,
          "attributes": {
            "adjustment_type": "ChangeInCapacity",
            "arn": "arn:aws:autoscaling:us-west-2:939895954199:scalingPolicy:2c7d7200-73fe-41e4-929f-a3b3f165a4c2:autoScalingGroupName/syself-worker-nodes20240810131147434100000005:policyName/syself-cluster-scale-down",
            "autoscaling_group_name": "syself-worker-nodes20240810131147434100000005",
            "cooldown": 300,
            "enabled": true,
            "estimated_instance_warmup": 0,
            "id": "syself-cluster-scale-down",
            "metric_aggregation_type": "",
            "min_adjustment_magnitude": 0,
            "name": "syself-cluster-scale-down",
            "policy_type": "SimpleScaling",
            "predictive_scaling_configuration": [],
            "scaling_adjustment": -1,
            "step_adjustment": [],
            "target_tracking_configuration": []
          },
          "sensitive_attributes": [],
          "private": "bnVsbA==",
          "dependencies": [
            "aws_autoscaling_group.syself_worker_asg",
            "aws_eip.syself_natgw_eip",
            "aws_key_pair.syself_publickey",
            "aws_launch_template.syself_worker_template",
            "aws_nat_gateway.syself_natgw",
            "aws_security_group.syself_node_sg",
            "aws_subnet.syself_priv_subs",
            "aws_subnet.syself_pub_sub",
            "aws_vpc.syself_vpc",
            "data.aws_availability_zones.available",
            "tls_private_key.syself_privatekey"
          ]
        }
      ]
    },
    {
      "mode": "managed",
      "type": "aws_autoscaling_policy",
      "name": "scale_up",
      "provider": "provider[\"registry.terraform.io/hashicorp/aws\"]",
      "instances": [
        {
          "schema_version": 0,
          "attributes": {
            "adjustment_type": "ChangeInCapacity",
            "arn": "arn:aws:autoscaling:us-west-2:939895954199:scalingPolicy:12868d1b-649b-47bd-b57c-7eb8071efff6:autoScalingGroupName/syself-worker-nodes20240810131147434100000005:policyName/syself-cluster-scale-up",
            "autoscaling_group_name": "syself-worker-nodes20240810131147434100000005",
            "cooldown": 300,
            "enabled": true,
            "estimated_instance_warmup": 0,
            "id": "syself-cluster-scale-up",
            "metric_aggregation_type": "",
            "min_adjustment_magnitude": 0,
            "name": "syself-cluster-scale-up",
            "policy_type": "SimpleScaling",
            "predictive_scaling_configuration": [],
            "scaling_adjustment": 1,
            "step_adjustment": [],
            "target_tracking_configuration": []
          },
          "sensitive_attributes": [],
          "private": "bnVsbA==",
          "dependencies": [
            "aws_autoscaling_group.syself_worker_asg",
            "aws_eip.syself_natgw_eip",
            "aws_key_pair.syself_publickey",
            "aws_launch_template.syself_worker_template",
            "aws_nat_gateway.syself_natgw",
            "aws_security_group.syself_node_sg",
            "aws_subnet.syself_priv_subs",
            "aws_subnet.syself_pub_sub",
            "aws_vpc.syself_vpc",
            "data.aws_availability_zones.available",
            "tls_private_key.syself_privatekey"
          ]
        }
      ]
    },
    {
      "mode": "managed",
      "type": "aws_cloudwatch_metric_alarm",
      "name": "scale_down_alarm",
      "provider": "provider[\"registry.terraform.io/hashicorp/aws\"]",
      "instances": [
        {
          "schema_version": 1,
          "attributes": {
            "actions_enabled": true,
            "alarm_actions": [
              "arn:aws:autoscaling:us-west-2:939895954199:scalingPolicy:2c7d7200-73fe-41e4-929f-a3b3f165a4c2:autoScalingGroupName/syself-worker-nodes20240810131147434100000005:policyName/syself-cluster-scale-down"
            ],
            "alarm_description": "Trigger scale-down policy if CPU usage is below 20%",
            "alarm_name": "syself-cluster-scale-down-alarm",
            "arn": "arn:aws:cloudwatch:us-west-2:939895954199:alarm:syself-cluster-scale-down-alarm",
            "comparison_operator": "LessThanOrEqualToThreshold",
            "datapoints_to_alarm": 0,
            "dimensions": {
              "AutoScalingGroupName": "syself-worker-nodes20240810131147434100000005"
            },
            "evaluate_low_sample_count_percentiles": "",
            "evaluation_periods": 1,
            "extended_statistic": "",
            "id": "syself-cluster-scale-down-alarm",
            "insufficient_data_actions": null,
            "metric_name": "CPUUtilization",
            "metric_query": [],
            "namespace": "AWS/EC2",
            "ok_actions": null,
            "period": 300,
            "statistic": "Average",
            "tags": null,
            "tags_all": {
              "project": "syself-task"
            },
            "threshold": 20,
            "threshold_metric_id": "",
            "treat_missing_data": "missing",
            "unit": ""
          },
          "sensitive_attributes": [],
          "private": "eyJzY2hlbWFfdmVyc2lvbiI6IjEifQ==",
          "dependencies": [
            "aws_autoscaling_group.syself_worker_asg",
            "aws_autoscaling_policy.scale_down",
            "aws_eip.syself_natgw_eip",
            "aws_key_pair.syself_publickey",
            "aws_launch_template.syself_worker_template",
            "aws_nat_gateway.syself_natgw",
            "aws_security_group.syself_node_sg",
            "aws_subnet.syself_priv_subs",
            "aws_subnet.syself_pub_sub",
            "aws_vpc.syself_vpc",
            "data.aws_availability_zones.available",
            "tls_private_key.syself_privatekey"
          ]
        }
      ]
    },
    {
      "mode": "managed",
      "type": "aws_cloudwatch_metric_alarm",
      "name": "scale_down_alarm_memory",
      "provider": "provider[\"registry.terraform.io/hashicorp/aws\"]",
      "instances": [
        {
          "schema_version": 1,
          "attributes": {
            "actions_enabled": true,
            "alarm_actions": [
              "arn:aws:autoscaling:us-west-2:939895954199:scalingPolicy:2c7d7200-73fe-41e4-929f-a3b3f165a4c2:autoScalingGroupName/syself-worker-nodes20240810131147434100000005:policyName/syself-cluster-scale-down"
            ],
            "alarm_description": "Trigger scale-down policy if memory usage is below 20%",
            "alarm_name": "syself-cluster-scale-down-alarm-memory",
            "arn": "arn:aws:cloudwatch:us-west-2:939895954199:alarm:syself-cluster-scale-down-alarm-memory",
            "comparison_operator": "LessThanOrEqualToThreshold",
            "datapoints_to_alarm": 0,
            "dimensions": {
              "AutoScalingGroupName": "syself-worker-nodes20240810131147434100000005"
            },
            "evaluate_low_sample_count_percentiles": "",
            "evaluation_periods": 1,
            "extended_statistic": "",
            "id": "syself-cluster-scale-down-alarm-memory",
            "insufficient_data_actions": null,
            "metric_name": "mem_used_percent",
            "metric_query": [],
            "namespace": "CustomMetrics",
            "ok_actions": null,
            "period": 300,
            "statistic": "Average",
            "tags": null,
            "tags_all": {
              "project": "syself-task"
            },
            "threshold": 20,
            "threshold_metric_id": "",
            "treat_missing_data": "missing",
            "unit": ""
          },
          "sensitive_attributes": [],
          "private": "eyJzY2hlbWFfdmVyc2lvbiI6IjEifQ==",
          "dependencies": [
            "aws_autoscaling_group.syself_worker_asg",
            "aws_autoscaling_policy.scale_down",
            "aws_eip.syself_natgw_eip",
            "aws_key_pair.syself_publickey",
            "aws_launch_template.syself_worker_template",
            "aws_nat_gateway.syself_natgw",
            "aws_security_group.syself_node_sg",
            "aws_subnet.syself_priv_subs",
            "aws_subnet.syself_pub_sub",
            "aws_vpc.syself_vpc",
            "data.aws_availability_zones.available",
            "tls_private_key.syself_privatekey"
          ]
        }
      ]
    },
    {
      "mode": "managed",
      "type": "aws_cloudwatch_metric_alarm",
      "name": "scale_up_alarm",
      "provider": "provider[\"registry.terraform.io/hashicorp/aws\"]",
      "instances": [
        {
          "schema_version": 1,
          "attributes": {
            "actions_enabled": true,
            "alarm_actions": [
              "arn:aws:autoscaling:us-west-2:939895954199:scalingPolicy:12868d1b-649b-47bd-b57c-7eb8071efff6:autoScalingGroupName/syself-worker-nodes20240810131147434100000005:policyName/syself-cluster-scale-up"
            ],
            "alarm_description": "Trigger scale-up policy if CPU usage is above 80%",
            "alarm_name": "syself-cluster-scale-up-alarm",
            "arn": "arn:aws:cloudwatch:us-west-2:939895954199:alarm:syself-cluster-scale-up-alarm",
            "comparison_operator": "GreaterThanOrEqualToThreshold",
            "datapoints_to_alarm": 0,
            "dimensions": {
              "AutoScalingGroupName": "syself-worker-nodes20240810131147434100000005"
            },
            "evaluate_low_sample_count_percentiles": "",
            "evaluation_periods": 1,
            "extended_statistic": "",
            "id": "syself-cluster-scale-up-alarm",
            "insufficient_data_actions": null,
            "metric_name": "CPUUtilization",
            "metric_query": [],
            "namespace": "AWS/EC2",
            "ok_actions": [
              "arn:aws:autoscaling:us-west-2:939895954199:scalingPolicy:2c7d7200-73fe-41e4-929f-a3b3f165a4c2:autoScalingGroupName/syself-worker-nodes20240810131147434100000005:policyName/syself-cluster-scale-down"
            ],
            "period": 300,
            "statistic": "Average",
            "tags": null,
            "tags_all": {
              "project": "syself-task"
            },
            "threshold": 80,
            "threshold_metric_id": "",
            "treat_missing_data": "missing",
            "unit": ""
          },
          "sensitive_attributes": [],
          "private": "eyJzY2hlbWFfdmVyc2lvbiI6IjEifQ==",
          "dependencies": [
            "aws_autoscaling_group.syself_worker_asg",
            "aws_autoscaling_policy.scale_down",
            "aws_autoscaling_policy.scale_up",
            "aws_eip.syself_natgw_eip",
            "aws_key_pair.syself_publickey",
            "aws_launch_template.syself_worker_template",
            "aws_nat_gateway.syself_natgw",
            "aws_security_group.syself_node_sg",
            "aws_subnet.syself_priv_subs",
            "aws_subnet.syself_pub_sub",
            "aws_vpc.syself_vpc",
            "data.aws_availability_zones.available",
            "tls_private_key.syself_privatekey"
          ]
        }
      ]
    },
    {
      "mode": "managed",
      "type": "aws_cloudwatch_metric_alarm",
      "name": "scale_up_alarm_memory",
      "provider": "provider[\"registry.terraform.io/hashicorp/aws\"]",
      "instances": [
        {
          "schema_version": 1,
          "attributes": {
            "actions_enabled": true,
            "alarm_actions": [
              "arn:aws:autoscaling:us-west-2:939895954199:scalingPolicy:12868d1b-649b-47bd-b57c-7eb8071efff6:autoScalingGroupName/syself-worker-nodes20240810131147434100000005:policyName/syself-cluster-scale-up"
            ],
            "alarm_description": "Trigger scale-up policy if memory usage is above 80%",
            "alarm_name": "syself-cluster-scale-up-alarm-memory",
            "arn": "arn:aws:cloudwatch:us-west-2:939895954199:alarm:syself-cluster-scale-up-alarm-memory",
            "comparison_operator": "GreaterThanOrEqualToThreshold",
            "datapoints_to_alarm": 0,
            "dimensions": {
              "AutoScalingGroupName": "syself-worker-nodes20240810131147434100000005"
            },
            "evaluate_low_sample_count_percentiles": "",
            "evaluation_periods": 1,
            "extended_statistic": "",
            "id": "syself-cluster-scale-up-alarm-memory",
            "insufficient_data_actions": null,
            "metric_name": "mem_used_percent",
            "metric_query": [],
            "namespace": "CustomMetrics",
            "ok_actions": null,
            "period": 300,
            "statistic": "Average",
            "tags": null,
            "tags_all": {
              "project": "syself-task"
            },
            "threshold": 80,
            "threshold_metric_id": "",
            "treat_missing_data": "missing",
            "unit": ""
          },
          "sensitive_attributes": [],
          "private": "eyJzY2hlbWFfdmVyc2lvbiI6IjEifQ==",
          "dependencies": [
            "aws_autoscaling_group.syself_worker_asg",
            "aws_autoscaling_policy.scale_up",
            "aws_eip.syself_natgw_eip",
            "aws_key_pair.syself_publickey",
            "aws_launch_template.syself_worker_template",
            "aws_nat_gateway.syself_natgw",
            "aws_security_group.syself_node_sg",
            "aws_subnet.syself_priv_subs",
            "aws_subnet.syself_pub_sub",
            "aws_vpc.syself_vpc",
            "data.aws_availability_zones.available",
            "tls_private_key.syself_privatekey"
          ]
        }
      ]
    },
    {
      "mode": "managed",
      "type": "aws_eip",
      "name": "syself_natgw_eip",
      "provider": "provider[\"registry.terraform.io/hashicorp/aws\"]",
      "instances": [
        {
          "schema_version": 0,
          "attributes": {
            "address": null,
            "allocation_id": "eipalloc-04b9b2368b4914267",
            "associate_with_private_ip": null,
            "association_id": "",
            "carrier_ip": "",
            "customer_owned_ip": "",
            "customer_owned_ipv4_pool": "",
            "domain": "vpc",
            "id": "eipalloc-04b9b2368b4914267",
            "instance": "",
            "network_border_group": "us-west-2",
            "network_interface": "",
            "private_dns": null,
            "private_ip": "",
            "public_dns": "ec2-35-85-236-136.us-west-2.compute.amazonaws.com",
            "public_ip": "35.85.236.136",
            "public_ipv4_pool": "amazon",
            "tags": null,
            "tags_all": {
              "project": "syself-task"
            },
            "timeouts": null,
            "vpc": true
          },
          "sensitive_attributes": [],
          "private": "eyJlMmJmYjczMC1lY2FhLTExZTYtOGY4OC0zNDM2M2JjN2M0YzAiOnsiZGVsZXRlIjoxODAwMDAwMDAwMDAsInJlYWQiOjkwMDAwMDAwMDAwMCwidXBkYXRlIjozMDAwMDAwMDAwMDB9fQ=="
        }
      ]
    },
    {
      "mode": "managed",
      "type": "aws_instance",
      "name": "syself_bastion",
      "provider": "provider[\"registry.terraform.io/hashicorp/aws\"]",
      "instances": [
        {
          "schema_version": 1,
          "attributes": {
            "ami": "ami-0b9727076a631e62c",
            "arn": "arn:aws:ec2:us-west-2:939895954199:instance/i-058ceacbcbfc5a68f",
            "associate_public_ip_address": true,
            "availability_zone": "us-west-2c",
            "capacity_reservation_specification": [
              {
                "capacity_reservation_preference": "open",
                "capacity_reservation_target": []
              }
            ],
            "cpu_core_count": 1,
            "cpu_options": [
              {
                "amd_sev_snp": "",
                "core_count": 1,
                "threads_per_core": 2
              }
            ],
            "cpu_threads_per_core": 2,
            "credit_specification": [
              {
                "cpu_credits": "unlimited"
              }
            ],
            "disable_api_stop": false,
            "disable_api_termination": false,
            "ebs_block_device": [],
            "ebs_optimized": false,
            "enclave_options": [
              {
                "enabled": false
              }
            ],
            "ephemeral_block_device": [],
            "get_password_data": false,
            "hibernation": false,
            "host_id": "",
            "host_resource_group_arn": null,
            "iam_instance_profile": "",
            "id": "i-058ceacbcbfc5a68f",
            "instance_initiated_shutdown_behavior": "stop",
            "instance_state": "running",
            "instance_type": "t3.medium",
            "ipv6_address_count": 0,
            "ipv6_addresses": [],
            "key_name": "syself-key",
            "launch_template": [],
            "maintenance_options": [
              {
                "auto_recovery": "default"
              }
            ],
            "metadata_options": [
              {
                "http_endpoint": "enabled",
                "http_put_response_hop_limit": 2,
                "http_tokens": "required",
                "instance_metadata_tags": "disabled"
              }
            ],
            "monitoring": false,
            "network_interface": [],
            "outpost_arn": "",
            "password_data": "",
            "placement_group": "",
            "placement_partition_number": 0,
            "primary_network_interface_id": "eni-03f8c28fdda25ead3",
            "private_dns": "ip-10-0-48-161.us-west-2.compute.internal",
            "private_dns_name_options": [
              {
                "enable_resource_name_dns_a_record": false,
                "enable_resource_name_dns_aaaa_record": false,
                "hostname_type": "ip-name"
              }
            ],
            "private_ip": "10.0.48.161",
            "public_dns": "ec2-34-222-214-2.us-west-2.compute.amazonaws.com",
            "public_ip": "34.222.214.2",
            "root_block_device": [
              {
                "delete_on_termination": true,
                "device_name": "/dev/sda1",
                "encrypted": false,
                "iops": 3000,
                "kms_key_id": "",
                "tags": null,
                "throughput": 125,
                "volume_id": "vol-067a228f086b71830",
                "volume_size": 25,
                "volume_type": "gp3"
              }
            ],
            "secondary_private_ips": [],
            "security_groups": [],
            "source_dest_check": true,
            "subnet_id": "subnet-06947aba5db892834",
            "tags": {
              "Name": "syself-bastion"
            },
            "tags_all": {
              "Name": "syself-bastion",
              "project": "syself-task"
            },
            "tenancy": "default",
            "timeouts": null,
            "user_data": null,
            "user_data_base64": null,
            "user_data_replace_on_change": false,
            "volume_tags": null,
            "vpc_security_group_ids": [
              "sg-0498e95394c305b6d"
            ]
          },
          "sensitive_attributes": [],
          "private": "eyJlMmJmYjczMC1lY2FhLTExZTYtOGY4OC0zNDM2M2JjN2M0YzAiOnsiY3JlYXRlIjo2MDAwMDAwMDAwMDAsImRlbGV0ZSI6MTIwMDAwMDAwMDAwMCwidXBkYXRlIjo2MDAwMDAwMDAwMDB9LCJzY2hlbWFfdmVyc2lvbiI6IjEifQ==",
          "dependencies": [
            "aws_key_pair.syself_publickey",
            "aws_security_group.syself_bastion_sg",
            "aws_subnet.syself_pub_sub",
            "aws_vpc.syself_vpc",
            "data.aws_availability_zones.available",
            "tls_private_key.syself_privatekey"
          ]
        }
      ]
    },
    {
      "mode": "managed",
      "type": "aws_instance",
      "name": "syself_haproxy",
      "provider": "provider[\"registry.terraform.io/hashicorp/aws\"]",
      "instances": [
        {
          "schema_version": 1,
          "attributes": {
            "ami": "ami-0aff18ec83b712f05",
            "arn": "arn:aws:ec2:us-west-2:939895954199:instance/i-069a72b6bb0831c18",
            "associate_public_ip_address": true,
            "availability_zone": "us-west-2c",
            "capacity_reservation_specification": [
              {
                "capacity_reservation_preference": "open",
                "capacity_reservation_target": []
              }
            ],
            "cpu_core_count": 1,
            "cpu_options": [
              {
                "amd_sev_snp": "",
                "core_count": 1,
                "threads_per_core": 2
              }
            ],
            "cpu_threads_per_core": 2,
            "credit_specification": [
              {
                "cpu_credits": "unlimited"
              }
            ],
            "disable_api_stop": false,
            "disable_api_termination": false,
            "ebs_block_device": [],
            "ebs_optimized": false,
            "enclave_options": [
              {
                "enabled": false
              }
            ],
            "ephemeral_block_device": [],
            "get_password_data": false,
            "hibernation": false,
            "host_id": "",
            "host_resource_group_arn": null,
            "iam_instance_profile": "",
            "id": "i-069a72b6bb0831c18",
            "instance_initiated_shutdown_behavior": "stop",
            "instance_state": "running",
            "instance_type": "t3.medium",
            "ipv6_address_count": 0,
            "ipv6_addresses": [],
            "key_name": "syself-key",
            "launch_template": [],
            "maintenance_options": [
              {
                "auto_recovery": "default"
              }
            ],
            "metadata_options": [
              {
                "http_endpoint": "enabled",
                "http_put_response_hop_limit": 2,
                "http_tokens": "required",
                "instance_metadata_tags": "disabled"
              }
            ],
            "monitoring": false,
            "network_interface": [],
            "outpost_arn": "",
            "password_data": "",
            "placement_group": "",
            "placement_partition_number": 0,
            "primary_network_interface_id": "eni-0b4f14770e3873fb5",
            "private_dns": "ip-10-0-56-253.us-west-2.compute.internal",
            "private_dns_name_options": [
              {
                "enable_resource_name_dns_a_record": false,
                "enable_resource_name_dns_aaaa_record": false,
                "hostname_type": "ip-name"
              }
            ],
            "private_ip": "10.0.56.253",
            "public_dns": "ec2-35-88-86-131.us-west-2.compute.amazonaws.com",
            "public_ip": "35.88.86.131",
            "root_block_device": [
              {
                "delete_on_termination": true,
                "device_name": "/dev/sda1",
                "encrypted": false,
                "iops": 3000,
                "kms_key_id": "",
                "tags": {},
                "throughput": 125,
                "volume_id": "vol-024af4cff9c415277",
                "volume_size": 8,
                "volume_type": "gp3"
              }
            ],
            "secondary_private_ips": [],
            "security_groups": [],
            "source_dest_check": true,
            "subnet_id": "subnet-06947aba5db892834",
            "tags": {
              "Name": "syself-haproxy"
            },
            "tags_all": {
              "Name": "syself-haproxy",
              "project": "syself-task"
            },
            "tenancy": "default",
            "timeouts": null,
            "user_data": "b96a71391153c2747913a2018e9f0476d85abf1d",
            "user_data_base64": null,
            "user_data_replace_on_change": false,
            "volume_tags": null,
            "vpc_security_group_ids": [
              "sg-026ab0a105e17c913"
            ]
          },
          "sensitive_attributes": [],
          "private": "eyJlMmJmYjczMC1lY2FhLTExZTYtOGY4OC0zNDM2M2JjN2M0YzAiOnsiY3JlYXRlIjo2MDAwMDAwMDAwMDAsImRlbGV0ZSI6MTIwMDAwMDAwMDAwMCwidXBkYXRlIjo2MDAwMDAwMDAwMDB9LCJzY2hlbWFfdmVyc2lvbiI6IjEifQ==",
          "dependencies": [
            "aws_eip.syself_natgw_eip",
            "aws_instance.syself_master_nodes",
            "aws_key_pair.syself_publickey",
            "aws_nat_gateway.syself_natgw",
            "aws_security_group.syself_node_sg",
            "aws_subnet.syself_priv_subs",
            "aws_subnet.syself_pub_sub",
            "aws_vpc.syself_vpc",
            "data.aws_availability_zones.available",
            "tls_private_key.syself_privatekey"
          ]
        }
      ]
    },
    {
      "mode": "managed",
      "type": "aws_instance",
      "name": "syself_master_nodes",
      "provider": "provider[\"registry.terraform.io/hashicorp/aws\"]",
      "instances": [
        {
          "index_key": 0,
          "schema_version": 1,
          "attributes": {
            "ami": "ami-0b9727076a631e62c",
            "arn": "arn:aws:ec2:us-west-2:939895954199:instance/i-0e3352287027ea9af",
            "associate_public_ip_address": false,
            "availability_zone": "us-west-2a",
            "capacity_reservation_specification": [
              {
                "capacity_reservation_preference": "open",
                "capacity_reservation_target": []
              }
            ],
            "cpu_core_count": 1,
            "cpu_options": [
              {
                "amd_sev_snp": "",
                "core_count": 1,
                "threads_per_core": 2
              }
            ],
            "cpu_threads_per_core": 2,
            "credit_specification": [
              {
                "cpu_credits": "unlimited"
              }
            ],
            "disable_api_stop": false,
            "disable_api_termination": false,
            "ebs_block_device": [],
            "ebs_optimized": false,
            "enclave_options": [
              {
                "enabled": false
              }
            ],
            "ephemeral_block_device": [],
            "get_password_data": false,
            "hibernation": false,
            "host_id": "",
            "host_resource_group_arn": null,
            "iam_instance_profile": "",
            "id": "i-0e3352287027ea9af",
            "instance_initiated_shutdown_behavior": "stop",
            "instance_state": "running",
            "instance_type": "t3.medium",
            "ipv6_address_count": 0,
            "ipv6_addresses": [],
            "key_name": "syself-key",
            "launch_template": [],
            "maintenance_options": [
              {
                "auto_recovery": "default"
              }
            ],
            "metadata_options": [
              {
                "http_endpoint": "enabled",
                "http_put_response_hop_limit": 2,
                "http_tokens": "required",
                "instance_metadata_tags": "disabled"
              }
            ],
            "monitoring": false,
            "network_interface": [],
            "outpost_arn": "",
            "password_data": "",
            "placement_group": "",
            "placement_partition_number": 0,
            "primary_network_interface_id": "eni-0af187a2104e208e5",
            "private_dns": "ip-10-0-7-68.us-west-2.compute.internal",
            "private_dns_name_options": [
              {
                "enable_resource_name_dns_a_record": false,
                "enable_resource_name_dns_aaaa_record": false,
                "hostname_type": "ip-name"
              }
            ],
            "private_ip": "10.0.7.68",
            "public_dns": "",
            "public_ip": "",
            "root_block_device": [
              {
                "delete_on_termination": true,
                "device_name": "/dev/sda1",
                "encrypted": false,
                "iops": 3000,
                "kms_key_id": "",
                "tags": null,
                "throughput": 125,
                "volume_id": "vol-0e2fb5bc1b44c7b19",
                "volume_size": 25,
                "volume_type": "gp3"
              }
            ],
            "secondary_private_ips": [],
            "security_groups": [],
            "source_dest_check": true,
            "subnet_id": "subnet-019fada7ebb2e9571",
            "tags": {
              "Name": "syself-master-1",
              "kubernetes.io/cluster/syself-cluster": "owned",
              "node-type": "master"
            },
            "tags_all": {
              "Name": "syself-master-1",
              "kubernetes.io/cluster/syself-cluster": "owned",
              "node-type": "master",
              "project": "syself-task"
            },
            "tenancy": "default",
            "timeouts": null,
            "user_data": null,
            "user_data_base64": null,
            "user_data_replace_on_change": false,
            "volume_tags": null,
            "vpc_security_group_ids": [
              "sg-026ab0a105e17c913"
            ]
          },
          "sensitive_attributes": [],
          "private": "eyJlMmJmYjczMC1lY2FhLTExZTYtOGY4OC0zNDM2M2JjN2M0YzAiOnsiY3JlYXRlIjo2MDAwMDAwMDAwMDAsImRlbGV0ZSI6MTIwMDAwMDAwMDAwMCwidXBkYXRlIjo2MDAwMDAwMDAwMDB9LCJzY2hlbWFfdmVyc2lvbiI6IjEifQ==",
          "dependencies": [
            "aws_eip.syself_natgw_eip",
            "aws_key_pair.syself_publickey",
            "aws_nat_gateway.syself_natgw",
            "aws_security_group.syself_node_sg",
            "aws_subnet.syself_priv_subs",
            "aws_subnet.syself_pub_sub",
            "aws_vpc.syself_vpc",
            "data.aws_availability_zones.available",
            "tls_private_key.syself_privatekey"
          ]
        },
        {
          "index_key": 1,
          "schema_version": 1,
          "attributes": {
            "ami": "ami-0b9727076a631e62c",
            "arn": "arn:aws:ec2:us-west-2:939895954199:instance/i-0650a198b64622a48",
            "associate_public_ip_address": false,
            "availability_zone": "us-west-2b",
            "capacity_reservation_specification": [
              {
                "capacity_reservation_preference": "open",
                "capacity_reservation_target": []
              }
            ],
            "cpu_core_count": 1,
            "cpu_options": [
              {
                "amd_sev_snp": "",
                "core_count": 1,
                "threads_per_core": 2
              }
            ],
            "cpu_threads_per_core": 2,
            "credit_specification": [
              {
                "cpu_credits": "unlimited"
              }
            ],
            "disable_api_stop": false,
            "disable_api_termination": false,
            "ebs_block_device": [],
            "ebs_optimized": false,
            "enclave_options": [
              {
                "enabled": false
              }
            ],
            "ephemeral_block_device": [],
            "get_password_data": false,
            "hibernation": false,
            "host_id": "",
            "host_resource_group_arn": null,
            "iam_instance_profile": "",
            "id": "i-0650a198b64622a48",
            "instance_initiated_shutdown_behavior": "stop",
            "instance_state": "running",
            "instance_type": "t3.medium",
            "ipv6_address_count": 0,
            "ipv6_addresses": [],
            "key_name": "syself-key",
            "launch_template": [],
            "maintenance_options": [
              {
                "auto_recovery": "default"
              }
            ],
            "metadata_options": [
              {
                "http_endpoint": "enabled",
                "http_put_response_hop_limit": 2,
                "http_tokens": "required",
                "instance_metadata_tags": "disabled"
              }
            ],
            "monitoring": false,
            "network_interface": [],
            "outpost_arn": "",
            "password_data": "",
            "placement_group": "",
            "placement_partition_number": 0,
            "primary_network_interface_id": "eni-0a2ed65561c6ff0f3",
            "private_dns": "ip-10-0-30-77.us-west-2.compute.internal",
            "private_dns_name_options": [
              {
                "enable_resource_name_dns_a_record": false,
                "enable_resource_name_dns_aaaa_record": false,
                "hostname_type": "ip-name"
              }
            ],
            "private_ip": "10.0.30.77",
            "public_dns": "",
            "public_ip": "",
            "root_block_device": [
              {
                "delete_on_termination": true,
                "device_name": "/dev/sda1",
                "encrypted": false,
                "iops": 3000,
                "kms_key_id": "",
                "tags": null,
                "throughput": 125,
                "volume_id": "vol-07d4ad106a628fa37",
                "volume_size": 25,
                "volume_type": "gp3"
              }
            ],
            "secondary_private_ips": [],
            "security_groups": [],
            "source_dest_check": true,
            "subnet_id": "subnet-071fd8eecebbcde64",
            "tags": {
              "Name": "syself-master-2",
              "kubernetes.io/cluster/syself-cluster": "owned",
              "node-type": "master"
            },
            "tags_all": {
              "Name": "syself-master-2",
              "kubernetes.io/cluster/syself-cluster": "owned",
              "node-type": "master",
              "project": "syself-task"
            },
            "tenancy": "default",
            "timeouts": null,
            "user_data": null,
            "user_data_base64": null,
            "user_data_replace_on_change": false,
            "volume_tags": null,
            "vpc_security_group_ids": [
              "sg-026ab0a105e17c913"
            ]
          },
          "sensitive_attributes": [],
          "private": "eyJlMmJmYjczMC1lY2FhLTExZTYtOGY4OC0zNDM2M2JjN2M0YzAiOnsiY3JlYXRlIjo2MDAwMDAwMDAwMDAsImRlbGV0ZSI6MTIwMDAwMDAwMDAwMCwidXBkYXRlIjo2MDAwMDAwMDAwMDB9LCJzY2hlbWFfdmVyc2lvbiI6IjEifQ==",
          "dependencies": [
            "aws_eip.syself_natgw_eip",
            "aws_key_pair.syself_publickey",
            "aws_nat_gateway.syself_natgw",
            "aws_security_group.syself_node_sg",
            "aws_subnet.syself_priv_subs",
            "aws_subnet.syself_pub_sub",
            "aws_vpc.syself_vpc",
            "data.aws_availability_zones.available",
            "tls_private_key.syself_privatekey"
          ]
        },
        {
          "index_key": 2,
          "schema_version": 1,
          "attributes": {
            "ami": "ami-0b9727076a631e62c",
            "arn": "arn:aws:ec2:us-west-2:939895954199:instance/i-0b0b19baa910473c8",
            "associate_public_ip_address": false,
            "availability_zone": "us-west-2c",
            "capacity_reservation_specification": [
              {
                "capacity_reservation_preference": "open",
                "capacity_reservation_target": []
              }
            ],
            "cpu_core_count": 1,
            "cpu_options": [
              {
                "amd_sev_snp": "",
                "core_count": 1,
                "threads_per_core": 2
              }
            ],
            "cpu_threads_per_core": 2,
            "credit_specification": [
              {
                "cpu_credits": "unlimited"
              }
            ],
            "disable_api_stop": false,
            "disable_api_termination": false,
            "ebs_block_device": [],
            "ebs_optimized": false,
            "enclave_options": [
              {
                "enabled": false
              }
            ],
            "ephemeral_block_device": [],
            "get_password_data": false,
            "hibernation": false,
            "host_id": "",
            "host_resource_group_arn": null,
            "iam_instance_profile": "",
            "id": "i-0b0b19baa910473c8",
            "instance_initiated_shutdown_behavior": "stop",
            "instance_state": "running",
            "instance_type": "t3.medium",
            "ipv6_address_count": 0,
            "ipv6_addresses": [],
            "key_name": "syself-key",
            "launch_template": [],
            "maintenance_options": [
              {
                "auto_recovery": "default"
              }
            ],
            "metadata_options": [
              {
                "http_endpoint": "enabled",
                "http_put_response_hop_limit": 2,
                "http_tokens": "required",
                "instance_metadata_tags": "disabled"
              }
            ],
            "monitoring": false,
            "network_interface": [],
            "outpost_arn": "",
            "password_data": "",
            "placement_group": "",
            "placement_partition_number": 0,
            "primary_network_interface_id": "eni-0db80040393ed9231",
            "private_dns": "ip-10-0-40-107.us-west-2.compute.internal",
            "private_dns_name_options": [
              {
                "enable_resource_name_dns_a_record": false,
                "enable_resource_name_dns_aaaa_record": false,
                "hostname_type": "ip-name"
              }
            ],
            "private_ip": "10.0.40.107",
            "public_dns": "",
            "public_ip": "",
            "root_block_device": [
              {
                "delete_on_termination": true,
                "device_name": "/dev/sda1",
                "encrypted": false,
                "iops": 3000,
                "kms_key_id": "",
                "tags": null,
                "throughput": 125,
                "volume_id": "vol-00ccf21d90b7a3a4c",
                "volume_size": 25,
                "volume_type": "gp3"
              }
            ],
            "secondary_private_ips": [],
            "security_groups": [],
            "source_dest_check": true,
            "subnet_id": "subnet-05a3d4dc6b65a8451",
            "tags": {
              "Name": "syself-master-3",
              "kubernetes.io/cluster/syself-cluster": "owned",
              "node-type": "master"
            },
            "tags_all": {
              "Name": "syself-master-3",
              "kubernetes.io/cluster/syself-cluster": "owned",
              "node-type": "master",
              "project": "syself-task"
            },
            "tenancy": "default",
            "timeouts": null,
            "user_data": null,
            "user_data_base64": null,
            "user_data_replace_on_change": false,
            "volume_tags": null,
            "vpc_security_group_ids": [
              "sg-026ab0a105e17c913"
            ]
          },
          "sensitive_attributes": [],
          "private": "eyJlMmJmYjczMC1lY2FhLTExZTYtOGY4OC0zNDM2M2JjN2M0YzAiOnsiY3JlYXRlIjo2MDAwMDAwMDAwMDAsImRlbGV0ZSI6MTIwMDAwMDAwMDAwMCwidXBkYXRlIjo2MDAwMDAwMDAwMDB9LCJzY2hlbWFfdmVyc2lvbiI6IjEifQ==",
          "dependencies": [
            "aws_eip.syself_natgw_eip",
            "aws_key_pair.syself_publickey",
            "aws_nat_gateway.syself_natgw",
            "aws_security_group.syself_node_sg",
            "aws_subnet.syself_priv_subs",
            "aws_subnet.syself_pub_sub",
            "aws_vpc.syself_vpc",
            "data.aws_availability_zones.available",
            "tls_private_key.syself_privatekey"
          ]
        }
      ]
    },
    {
      "mode": "managed",
      "type": "aws_internet_gateway",
      "name": "syself_ig",
      "provider": "provider[\"registry.terraform.io/hashicorp/aws\"]",
      "instances": [
        {
          "schema_version": 0,
          "attributes": {
            "arn": "arn:aws:ec2:us-west-2:939895954199:internet-gateway/igw-05edc1291d429562d",
            "id": "igw-05edc1291d429562d",
            "owner_id": "939895954199",
            "tags": {
              "Name": "syself-ig"
            },
            "tags_all": {
              "Name": "syself-ig",
              "project": "syself-task"
            },
            "timeouts": null,
            "vpc_id": "vpc-05820c1d3af06e1f4"
          },
          "sensitive_attributes": [],
          "private": "eyJlMmJmYjczMC1lY2FhLTExZTYtOGY4OC0zNDM2M2JjN2M0YzAiOnsiY3JlYXRlIjoxMjAwMDAwMDAwMDAwLCJkZWxldGUiOjEyMDAwMDAwMDAwMDAsInVwZGF0ZSI6MTIwMDAwMDAwMDAwMH19",
          "dependencies": [
            "aws_vpc.syself_vpc"
          ]
        }
      ]
    },
    {
      "mode": "managed",
      "type": "aws_key_pair",
      "name": "syself_publickey",
      "provider": "provider[\"registry.terraform.io/hashicorp/aws\"]",
      "instances": [
        {
          "schema_version": 1,
          "attributes": {
            "arn": "arn:aws:ec2:us-west-2:939895954199:key-pair/syself-key",
            "fingerprint": "0b:f4:2f:b0:10:83:1d:1f:73:e5:d9:f5:79:8f:a1:0a",
            "id": "syself-key",
            "key_name": "syself-key",
            "key_name_prefix": "",
            "key_pair_id": "key-0c195d6a5f6798b8a",
            "key_type": "rsa",
            "public_key": "ssh-rsa AAAAB3NzaC1yc2EAAAADAQABAAACAQCU0SZd6L10TxBTwFcsNIfEZC+TYRvD7iaEkE6VxvXV41JVC9tCoIVcuF95qFxndY5QG7xIIKsUWDKx80BKlgEZe5f8SEbzIdYfUNAHwav/O2QCKSmnhslKTbg1eaknQqR7ZsWUFNfaOvnN8xRsO0wKvmyE0F++9FoOdCegmPWjt+rTKkg3tuCpqbqO3keGRxoZr8hyawmg5jzmrrKZkNQ2z75M4EQsGss340/MeaRzSQkGfTw0yKvxqQ0VYkSYuWwPV5TkaxNwpnH4BPz/S1Q6Jclu7BQx6u7CKyoLjrrw+Kkb+0QAhl1ZPCRRMuzFi0UrNUeSndHAFAS1Q3FNYiBrjfwagJ/AsC0kRhuourzE9QpS3nqnLIfXLehBGgjkDpWMQZYTmeobrR6Vv0MPCrkCSXlOQy2VE7qowzjvJtbeCiObvTSOvD3jYyLHdrkSG3YruMzZ7fsaAiEz6x/yM3/mcLcHhsKqdUYs5v6VG5zcMxMd2rFxjRvYAcMF6wRBXhdaZNzDp4e20YNjyjS7jCT1wlLWyMxzqJr/84o3QkN+MyJ2s4/yXra7ldb+Xhpnsl+8rMKZg+6wXm59FFffkyYMKzul2skLxANflVvwHV0xkWhiWD0UgEJ84Y6lFyaPReTT9Dxm0Mev+VIN1zp6wZUvlolVbO7XA0gTc0VQ0Pq/zQ==",
            "tags": null,
            "tags_all": {
              "project": "syself-task"
            }
          },
          "sensitive_attributes": [],
          "private": "eyJzY2hlbWFfdmVyc2lvbiI6IjEifQ==",
          "dependencies": [
            "tls_private_key.syself_privatekey"
          ]
        }
      ]
    },
    {
      "mode": "managed",
      "type": "aws_launch_template",
      "name": "syself_worker_template",
      "provider": "provider[\"registry.terraform.io/hashicorp/aws\"]",
      "instances": [
        {
          "schema_version": 0,
          "attributes": {
            "arn": "arn:aws:ec2:us-west-2:939895954199:launch-template/lt-04594d381a355eb01",
            "block_device_mappings": [],
            "capacity_reservation_specification": [],
            "cpu_options": [],
            "credit_specification": [],
            "default_version": 1,
            "description": "",
            "disable_api_stop": false,
            "disable_api_termination": false,
            "ebs_optimized": "",
            "elastic_gpu_specifications": [],
            "elastic_inference_accelerator": [],
            "enclave_options": [],
            "hibernation_options": [],
            "iam_instance_profile": [],
            "id": "lt-04594d381a355eb01",
            "image_id": "ami-0b9727076a631e62c",
            "instance_initiated_shutdown_behavior": "",
            "instance_market_options": [],
            "instance_requirements": [],
            "instance_type": "t3.medium",
            "kernel_id": "",
            "key_name": "syself-key",
            "latest_version": 1,
            "license_specification": [],
            "maintenance_options": [],
            "metadata_options": [],
            "monitoring": [],
            "name": "syself-cluster20240810131009332300000001",
            "name_prefix": "syself-cluster",
            "network_interfaces": [],
            "placement": [],
            "private_dns_name_options": [],
            "ram_disk_id": "",
            "security_group_names": null,
            "tag_specifications": [
              {
                "resource_type": "instance",
                "tags": {
                  "KubernetesCluster": "syself-cluster",
                  "kubernetes.io/cluster/syself-cluster": "1",
                  "node-type": "worker"
                }
              }
            ],
            "tags": {
              "Name": "syself-lt"
            },
            "tags_all": {
              "Name": "syself-lt",
              "project": "syself-task"
            },
            "update_default_version": null,
            "user_data": "",
            "vpc_security_group_ids": [
              "sg-026ab0a105e17c913"
            ]
          },
          "sensitive_attributes": [],
          "private": "bnVsbA==",
          "dependencies": [
            "aws_key_pair.syself_publickey",
            "aws_security_group.syself_node_sg",
            "aws_vpc.syself_vpc",
            "tls_private_key.syself_privatekey"
          ]
        }
      ]
    },
    {
      "mode": "managed",
      "type": "aws_nat_gateway",
      "name": "syself_natgw",
      "provider": "provider[\"registry.terraform.io/hashicorp/aws\"]",
      "instances": [
        {
          "schema_version": 0,
          "attributes": {
            "allocation_id": "eipalloc-04b9b2368b4914267",
            "association_id": "eipassoc-0f89fcf73dc0e31a7",
            "connectivity_type": "public",
            "id": "nat-056a5dcd07645a5a6",
            "network_interface_id": "eni-0e2a40b7be21dcdd5",
            "private_ip": "10.0.62.84",
            "public_ip": "35.85.236.136",
            "subnet_id": "subnet-06947aba5db892834",
            "tags": {
              "Name": "syself-natgw"
            },
            "tags_all": {
              "Name": "syself-natgw",
              "project": "syself-task"
            }
          },
          "sensitive_attributes": [],
          "private": "bnVsbA==",
          "dependencies": [
            "aws_eip.syself_natgw_eip",
            "aws_subnet.syself_pub_sub",
            "aws_vpc.syself_vpc",
            "data.aws_availability_zones.available"
          ]
        }
      ]
    },
    {
      "mode": "managed",
      "type": "aws_route_table",
      "name": "syself_priv_sub_rts",
      "provider": "provider[\"registry.terraform.io/hashicorp/aws\"]",
      "instances": [
        {
          "index_key": 0,
          "schema_version": 0,
          "attributes": {
            "arn": "arn:aws:ec2:us-west-2:939895954199:route-table/rtb-0686ac63406d1e950",
            "id": "rtb-0686ac63406d1e950",
            "owner_id": "939895954199",
            "propagating_vgws": [],
            "route": [
              {
                "carrier_gateway_id": "",
                "cidr_block": "0.0.0.0/0",
                "core_network_arn": "",
                "destination_prefix_list_id": "",
                "egress_only_gateway_id": "",
                "gateway_id": "",
                "instance_id": "",
                "ipv6_cidr_block": "",
                "local_gateway_id": "",
                "nat_gateway_id": "nat-056a5dcd07645a5a6",
                "network_interface_id": "",
                "transit_gateway_id": "",
                "vpc_endpoint_id": "",
                "vpc_peering_connection_id": ""
              }
            ],
            "tags": null,
            "tags_all": {
              "project": "syself-task"
            },
            "timeouts": null,
            "vpc_id": "vpc-05820c1d3af06e1f4"
          },
          "sensitive_attributes": [],
          "private": "eyJlMmJmYjczMC1lY2FhLTExZTYtOGY4OC0zNDM2M2JjN2M0YzAiOnsiY3JlYXRlIjozMDAwMDAwMDAwMDAsImRlbGV0ZSI6MzAwMDAwMDAwMDAwLCJ1cGRhdGUiOjEyMDAwMDAwMDAwMH19",
          "dependencies": [
            "aws_eip.syself_natgw_eip",
            "aws_nat_gateway.syself_natgw",
            "aws_subnet.syself_pub_sub",
            "aws_vpc.syself_vpc",
            "data.aws_availability_zones.available"
          ]
        },
        {
          "index_key": 1,
          "schema_version": 0,
          "attributes": {
            "arn": "arn:aws:ec2:us-west-2:939895954199:route-table/rtb-071a52f8920233c79",
            "id": "rtb-071a52f8920233c79",
            "owner_id": "939895954199",
            "propagating_vgws": [],
            "route": [
              {
                "carrier_gateway_id": "",
                "cidr_block": "0.0.0.0/0",
                "core_network_arn": "",
                "destination_prefix_list_id": "",
                "egress_only_gateway_id": "",
                "gateway_id": "",
                "instance_id": "",
                "ipv6_cidr_block": "",
                "local_gateway_id": "",
                "nat_gateway_id": "nat-056a5dcd07645a5a6",
                "network_interface_id": "",
                "transit_gateway_id": "",
                "vpc_endpoint_id": "",
                "vpc_peering_connection_id": ""
              }
            ],
            "tags": null,
            "tags_all": {
              "project": "syself-task"
            },
            "timeouts": null,
            "vpc_id": "vpc-05820c1d3af06e1f4"
          },
          "sensitive_attributes": [],
          "private": "eyJlMmJmYjczMC1lY2FhLTExZTYtOGY4OC0zNDM2M2JjN2M0YzAiOnsiY3JlYXRlIjozMDAwMDAwMDAwMDAsImRlbGV0ZSI6MzAwMDAwMDAwMDAwLCJ1cGRhdGUiOjEyMDAwMDAwMDAwMH19",
          "dependencies": [
            "aws_eip.syself_natgw_eip",
            "aws_nat_gateway.syself_natgw",
            "aws_subnet.syself_pub_sub",
            "aws_vpc.syself_vpc",
            "data.aws_availability_zones.available"
          ]
        },
        {
          "index_key": 2,
          "schema_version": 0,
          "attributes": {
            "arn": "arn:aws:ec2:us-west-2:939895954199:route-table/rtb-06a267d88861cd238",
            "id": "rtb-06a267d88861cd238",
            "owner_id": "939895954199",
            "propagating_vgws": [],
            "route": [
              {
                "carrier_gateway_id": "",
                "cidr_block": "0.0.0.0/0",
                "core_network_arn": "",
                "destination_prefix_list_id": "",
                "egress_only_gateway_id": "",
                "gateway_id": "",
                "instance_id": "",
                "ipv6_cidr_block": "",
                "local_gateway_id": "",
                "nat_gateway_id": "nat-056a5dcd07645a5a6",
                "network_interface_id": "",
                "transit_gateway_id": "",
                "vpc_endpoint_id": "",
                "vpc_peering_connection_id": ""
              }
            ],
            "tags": null,
            "tags_all": {
              "project": "syself-task"
            },
            "timeouts": null,
            "vpc_id": "vpc-05820c1d3af06e1f4"
          },
          "sensitive_attributes": [],
          "private": "eyJlMmJmYjczMC1lY2FhLTExZTYtOGY4OC0zNDM2M2JjN2M0YzAiOnsiY3JlYXRlIjozMDAwMDAwMDAwMDAsImRlbGV0ZSI6MzAwMDAwMDAwMDAwLCJ1cGRhdGUiOjEyMDAwMDAwMDAwMH19",
          "dependencies": [
            "aws_eip.syself_natgw_eip",
            "aws_nat_gateway.syself_natgw",
            "aws_subnet.syself_pub_sub",
            "aws_vpc.syself_vpc",
            "data.aws_availability_zones.available"
          ]
        }
      ]
    },
    {
      "mode": "managed",
      "type": "aws_route_table",
      "name": "syself_pub_sub_rt",
      "provider": "provider[\"registry.terraform.io/hashicorp/aws\"]",
      "instances": [
        {
          "schema_version": 0,
          "attributes": {
            "arn": "arn:aws:ec2:us-west-2:939895954199:route-table/rtb-05bd883767e66d6c1",
            "id": "rtb-05bd883767e66d6c1",
            "owner_id": "939895954199",
            "propagating_vgws": [],
            "route": [
              {
                "carrier_gateway_id": "",
                "cidr_block": "0.0.0.0/0",
                "core_network_arn": "",
                "destination_prefix_list_id": "",
                "egress_only_gateway_id": "",
                "gateway_id": "igw-05edc1291d429562d",
                "instance_id": "",
                "ipv6_cidr_block": "",
                "local_gateway_id": "",
                "nat_gateway_id": "",
                "network_interface_id": "",
                "transit_gateway_id": "",
                "vpc_endpoint_id": "",
                "vpc_peering_connection_id": ""
              }
            ],
            "tags": null,
            "tags_all": {
              "project": "syself-task"
            },
            "timeouts": null,
            "vpc_id": "vpc-05820c1d3af06e1f4"
          },
          "sensitive_attributes": [],
          "private": "eyJlMmJmYjczMC1lY2FhLTExZTYtOGY4OC0zNDM2M2JjN2M0YzAiOnsiY3JlYXRlIjozMDAwMDAwMDAwMDAsImRlbGV0ZSI6MzAwMDAwMDAwMDAwLCJ1cGRhdGUiOjEyMDAwMDAwMDAwMH19",
          "dependencies": [
            "aws_internet_gateway.syself_ig",
            "aws_vpc.syself_vpc"
          ]
        }
      ]
    },
    {
      "mode": "managed",
      "type": "aws_route_table_association",
      "name": "private_subnet_route_table_associations",
      "provider": "provider[\"registry.terraform.io/hashicorp/aws\"]",
      "instances": [
        {
          "index_key": 0,
          "schema_version": 0,
          "attributes": {
            "gateway_id": "",
            "id": "rtbassoc-0739361a699f0c38a",
            "route_table_id": "rtb-0686ac63406d1e950",
            "subnet_id": "subnet-019fada7ebb2e9571",
            "timeouts": null
          },
          "sensitive_attributes": [],
          "private": "eyJlMmJmYjczMC1lY2FhLTExZTYtOGY4OC0zNDM2M2JjN2M0YzAiOnsiY3JlYXRlIjozMDAwMDAwMDAwMDAsImRlbGV0ZSI6MzAwMDAwMDAwMDAwLCJ1cGRhdGUiOjEyMDAwMDAwMDAwMH19",
          "dependencies": [
            "aws_eip.syself_natgw_eip",
            "aws_nat_gateway.syself_natgw",
            "aws_route_table.syself_priv_sub_rts",
            "aws_subnet.syself_priv_subs",
            "aws_subnet.syself_pub_sub",
            "aws_vpc.syself_vpc",
            "data.aws_availability_zones.available"
          ]
        },
        {
          "index_key": 1,
          "schema_version": 0,
          "attributes": {
            "gateway_id": "",
            "id": "rtbassoc-05ca48308c7fa15ab",
            "route_table_id": "rtb-071a52f8920233c79",
            "subnet_id": "subnet-071fd8eecebbcde64",
            "timeouts": null
          },
          "sensitive_attributes": [],
          "private": "eyJlMmJmYjczMC1lY2FhLTExZTYtOGY4OC0zNDM2M2JjN2M0YzAiOnsiY3JlYXRlIjozMDAwMDAwMDAwMDAsImRlbGV0ZSI6MzAwMDAwMDAwMDAwLCJ1cGRhdGUiOjEyMDAwMDAwMDAwMH19",
          "dependencies": [
            "aws_eip.syself_natgw_eip",
            "aws_nat_gateway.syself_natgw",
            "aws_route_table.syself_priv_sub_rts",
            "aws_subnet.syself_priv_subs",
            "aws_subnet.syself_pub_sub",
            "aws_vpc.syself_vpc",
            "data.aws_availability_zones.available"
          ]
        },
        {
          "index_key": 2,
          "schema_version": 0,
          "attributes": {
            "gateway_id": "",
            "id": "rtbassoc-06a7aa18e93bf8693",
            "route_table_id": "rtb-06a267d88861cd238",
            "subnet_id": "subnet-05a3d4dc6b65a8451",
            "timeouts": null
          },
          "sensitive_attributes": [],
          "private": "eyJlMmJmYjczMC1lY2FhLTExZTYtOGY4OC0zNDM2M2JjN2M0YzAiOnsiY3JlYXRlIjozMDAwMDAwMDAwMDAsImRlbGV0ZSI6MzAwMDAwMDAwMDAwLCJ1cGRhdGUiOjEyMDAwMDAwMDAwMH19",
          "dependencies": [
            "aws_eip.syself_natgw_eip",
            "aws_nat_gateway.syself_natgw",
            "aws_route_table.syself_priv_sub_rts",
            "aws_subnet.syself_priv_subs",
            "aws_subnet.syself_pub_sub",
            "aws_vpc.syself_vpc",
            "data.aws_availability_zones.available"
          ]
        }
      ]
    },
    {
      "mode": "managed",
      "type": "aws_route_table_association",
      "name": "syself_pub_sub_rt_assoc",
      "provider": "provider[\"registry.terraform.io/hashicorp/aws\"]",
      "instances": [
        {
          "schema_version": 0,
          "attributes": {
            "gateway_id": "",
            "id": "rtbassoc-04a33e1f9506ed8fc",
            "route_table_id": "rtb-05bd883767e66d6c1",
            "subnet_id": "subnet-06947aba5db892834",
            "timeouts": null
          },
          "sensitive_attributes": [],
          "private": "eyJlMmJmYjczMC1lY2FhLTExZTYtOGY4OC0zNDM2M2JjN2M0YzAiOnsiY3JlYXRlIjozMDAwMDAwMDAwMDAsImRlbGV0ZSI6MzAwMDAwMDAwMDAwLCJ1cGRhdGUiOjEyMDAwMDAwMDAwMH19",
          "dependencies": [
            "aws_internet_gateway.syself_ig",
            "aws_route_table.syself_pub_sub_rt",
            "aws_subnet.syself_pub_sub",
            "aws_vpc.syself_vpc",
            "data.aws_availability_zones.available"
          ]
        }
      ]
    },
    {
      "mode": "managed",
      "type": "aws_security_group",
      "name": "syself_bastion_sg",
      "provider": "provider[\"registry.terraform.io/hashicorp/aws\"]",
      "instances": [
        {
          "schema_version": 1,
          "attributes": {
            "arn": "arn:aws:ec2:us-west-2:939895954199:security-group/sg-0498e95394c305b6d",
            "description": "Managed by Terraform",
            "egress": [
              {
                "cidr_blocks": [
                  "0.0.0.0/0"
                ],
                "description": "",
                "from_port": 0,
                "ipv6_cidr_blocks": [],
                "prefix_list_ids": [],
                "protocol": "-1",
                "security_groups": [],
                "self": false,
                "to_port": 0
              }
            ],
            "id": "sg-0498e95394c305b6d",
            "ingress": [
              {
                "cidr_blocks": [
                  "0.0.0.0/0"
                ],
                "description": "",
                "from_port": 22,
                "ipv6_cidr_blocks": [],
                "prefix_list_ids": [],
                "protocol": "tcp",
                "security_groups": [],
                "self": false,
                "to_port": 22
              }
            ],
            "name": "syself-bastion-sg",
            "name_prefix": "",
            "owner_id": "939895954199",
            "revoke_rules_on_delete": false,
            "tags": null,
            "tags_all": {
              "project": "syself-task"
            },
            "timeouts": null,
            "vpc_id": "vpc-05820c1d3af06e1f4"
          },
          "sensitive_attributes": [],
          "private": "eyJlMmJmYjczMC1lY2FhLTExZTYtOGY4OC0zNDM2M2JjN2M0YzAiOnsiY3JlYXRlIjo2MDAwMDAwMDAwMDAsImRlbGV0ZSI6OTAwMDAwMDAwMDAwfSwic2NoZW1hX3ZlcnNpb24iOiIxIn0=",
          "dependencies": [
            "aws_vpc.syself_vpc"
          ]
        }
      ]
    },
    {
      "mode": "managed",
      "type": "aws_security_group",
      "name": "syself_node_sg",
      "provider": "provider[\"registry.terraform.io/hashicorp/aws\"]",
      "instances": [
        {
          "schema_version": 1,
          "attributes": {
            "arn": "arn:aws:ec2:us-west-2:939895954199:security-group/sg-026ab0a105e17c913",
            "description": "Managed by Terraform",
            "egress": [
              {
                "cidr_blocks": [
                  "0.0.0.0/0"
                ],
                "description": "Allow all outbound traffic",
                "from_port": 0,
                "ipv6_cidr_blocks": [],
                "prefix_list_ids": [],
                "protocol": "-1",
                "security_groups": [],
                "self": false,
                "to_port": 0
              }
            ],
            "id": "sg-026ab0a105e17c913",
            "ingress": [
              {
                "cidr_blocks": [
                  "0.0.0.0/0"
                ],
                "description": "Custom TCP",
                "from_port": 2000,
                "ipv6_cidr_blocks": [],
                "prefix_list_ids": [],
                "protocol": "tcp",
                "security_groups": [],
                "self": false,
                "to_port": 11000
              },
              {
                "cidr_blocks": [
                  "0.0.0.0/0"
                ],
                "description": "Custom TCP",
                "from_port": 30000,
                "ipv6_cidr_blocks": [],
                "prefix_list_ids": [],
                "protocol": "tcp",
                "security_groups": [],
                "self": false,
                "to_port": 32767
              },
              {
                "cidr_blocks": [
                  "0.0.0.0/0"
                ],
                "description": "Custom TCP",
                "from_port": 587,
                "ipv6_cidr_blocks": [],
                "prefix_list_ids": [],
                "protocol": "tcp",
                "security_groups": [],
                "self": false,
                "to_port": 587
              },
              {
                "cidr_blocks": [
                  "0.0.0.0/0"
                ],
                "description": "Custom TCP",
                "from_port": 6443,
                "ipv6_cidr_blocks": [],
                "prefix_list_ids": [],
                "protocol": "tcp",
                "security_groups": [],
                "self": false,
                "to_port": 6443
              },
              {
                "cidr_blocks": [
                  "0.0.0.0/0"
                ],
                "description": "HTTP",
                "from_port": 80,
                "ipv6_cidr_blocks": [],
                "prefix_list_ids": [],
                "protocol": "tcp",
                "security_groups": [],
                "self": false,
                "to_port": 80
              },
              {
                "cidr_blocks": [
                  "0.0.0.0/0"
                ],
                "description": "HTTPS",
                "from_port": 443,
                "ipv6_cidr_blocks": [],
                "prefix_list_ids": [],
                "protocol": "tcp",
                "security_groups": [],
                "self": false,
                "to_port": 443
              },
              {
                "cidr_blocks": [
                  "0.0.0.0/0"
                ],
                "description": "SMTP",
                "from_port": 25,
                "ipv6_cidr_blocks": [],
                "prefix_list_ids": [],
                "protocol": "tcp",
                "security_groups": [],
                "self": false,
                "to_port": 25
              },
              {
                "cidr_blocks": [
                  "0.0.0.0/0"
                ],
                "description": "SMTPS",
                "from_port": 465,
                "ipv6_cidr_blocks": [],
                "prefix_list_ids": [],
                "protocol": "tcp",
                "security_groups": [],
                "self": false,
                "to_port": 465
              },
              {
                "cidr_blocks": [
                  "0.0.0.0/0"
                ],
                "description": "SSH",
                "from_port": 22,
                "ipv6_cidr_blocks": [],
                "prefix_list_ids": [],
                "protocol": "tcp",
                "security_groups": [],
                "self": false,
                "to_port": 22
              },
              {
                "cidr_blocks": [
                  "10.0.0.0/16"
                ],
                "description": "Custom TCP",
                "from_port": 2379,
                "ipv6_cidr_blocks": [],
                "prefix_list_ids": [],
                "protocol": "tcp",
                "security_groups": [],
                "self": false,
                "to_port": 2379
              },
              {
                "cidr_blocks": [
                  "10.0.0.0/16"
                ],
                "description": "Custom TCP",
                "from_port": 2380,
                "ipv6_cidr_blocks": [],
                "prefix_list_ids": [],
                "protocol": "tcp",
                "security_groups": [],
                "self": false,
                "to_port": 2380
              },
              {
                "cidr_blocks": [
                  "10.0.0.0/16"
                ],
                "description": "Custom TCP",
                "from_port": 6443,
                "ipv6_cidr_blocks": [],
                "prefix_list_ids": [],
                "protocol": "tcp",
                "security_groups": [],
                "self": false,
                "to_port": 6443
              }
            ],
            "name": "syself-node-sg",
            "name_prefix": "",
            "owner_id": "939895954199",
            "revoke_rules_on_delete": false,
            "tags": null,
            "tags_all": {
              "project": "syself-task"
            },
            "timeouts": null,
            "vpc_id": "vpc-05820c1d3af06e1f4"
          },
          "sensitive_attributes": [],
          "private": "eyJlMmJmYjczMC1lY2FhLTExZTYtOGY4OC0zNDM2M2JjN2M0YzAiOnsiY3JlYXRlIjo2MDAwMDAwMDAwMDAsImRlbGV0ZSI6OTAwMDAwMDAwMDAwfSwic2NoZW1hX3ZlcnNpb24iOiIxIn0=",
          "dependencies": [
            "aws_vpc.syself_vpc"
          ]
        }
      ]
    },
    {
      "mode": "managed",
      "type": "aws_subnet",
      "name": "syself_priv_subs",
      "provider": "provider[\"registry.terraform.io/hashicorp/aws\"]",
      "instances": [
        {
          "index_key": 0,
          "schema_version": 1,
          "attributes": {
            "arn": "arn:aws:ec2:us-west-2:939895954199:subnet/subnet-019fada7ebb2e9571",
            "assign_ipv6_address_on_creation": false,
            "availability_zone": "us-west-2a",
            "availability_zone_id": "usw2-az2",
            "cidr_block": "10.0.0.0/20",
            "customer_owned_ipv4_pool": "",
            "enable_dns64": false,
            "enable_lni_at_device_index": 0,
            "enable_resource_name_dns_a_record_on_launch": false,
            "enable_resource_name_dns_aaaa_record_on_launch": false,
            "id": "subnet-019fada7ebb2e9571",
            "ipv6_cidr_block": "",
            "ipv6_cidr_block_association_id": "",
            "ipv6_native": false,
            "map_customer_owned_ip_on_launch": false,
            "map_public_ip_on_launch": false,
            "outpost_arn": "",
            "owner_id": "939895954199",
            "private_dns_hostname_type_on_launch": "ip-name",
            "tags": {
              "kubernetes.io/cluster/syself-cluster": "shared"
            },
            "tags_all": {
              "kubernetes.io/cluster/syself-cluster": "shared",
              "project": "syself-task"
            },
            "timeouts": null,
            "vpc_id": "vpc-05820c1d3af06e1f4"
          },
          "sensitive_attributes": [],
          "private": "eyJlMmJmYjczMC1lY2FhLTExZTYtOGY4OC0zNDM2M2JjN2M0YzAiOnsiY3JlYXRlIjo2MDAwMDAwMDAwMDAsImRlbGV0ZSI6MTIwMDAwMDAwMDAwMH0sInNjaGVtYV92ZXJzaW9uIjoiMSJ9",
          "dependencies": [
            "aws_eip.syself_natgw_eip",
            "aws_nat_gateway.syself_natgw",
            "aws_subnet.syself_pub_sub",
            "aws_vpc.syself_vpc",
            "data.aws_availability_zones.available"
          ]
        },
        {
          "index_key": 1,
          "schema_version": 1,
          "attributes": {
            "arn": "arn:aws:ec2:us-west-2:939895954199:subnet/subnet-071fd8eecebbcde64",
            "assign_ipv6_address_on_creation": false,
            "availability_zone": "us-west-2b",
            "availability_zone_id": "usw2-az1",
            "cidr_block": "10.0.16.0/20",
            "customer_owned_ipv4_pool": "",
            "enable_dns64": false,
            "enable_lni_at_device_index": 0,
            "enable_resource_name_dns_a_record_on_launch": false,
            "enable_resource_name_dns_aaaa_record_on_launch": false,
            "id": "subnet-071fd8eecebbcde64",
            "ipv6_cidr_block": "",
            "ipv6_cidr_block_association_id": "",
            "ipv6_native": false,
            "map_customer_owned_ip_on_launch": false,
            "map_public_ip_on_launch": false,
            "outpost_arn": "",
            "owner_id": "939895954199",
            "private_dns_hostname_type_on_launch": "ip-name",
            "tags": {
              "kubernetes.io/cluster/syself-cluster": "shared"
            },
            "tags_all": {
              "kubernetes.io/cluster/syself-cluster": "shared",
              "project": "syself-task"
            },
            "timeouts": null,
            "vpc_id": "vpc-05820c1d3af06e1f4"
          },
          "sensitive_attributes": [],
          "private": "eyJlMmJmYjczMC1lY2FhLTExZTYtOGY4OC0zNDM2M2JjN2M0YzAiOnsiY3JlYXRlIjo2MDAwMDAwMDAwMDAsImRlbGV0ZSI6MTIwMDAwMDAwMDAwMH0sInNjaGVtYV92ZXJzaW9uIjoiMSJ9",
          "dependencies": [
            "aws_eip.syself_natgw_eip",
            "aws_nat_gateway.syself_natgw",
            "aws_subnet.syself_pub_sub",
            "aws_vpc.syself_vpc",
            "data.aws_availability_zones.available"
          ]
        },
        {
          "index_key": 2,
          "schema_version": 1,
          "attributes": {
            "arn": "arn:aws:ec2:us-west-2:939895954199:subnet/subnet-05a3d4dc6b65a8451",
            "assign_ipv6_address_on_creation": false,
            "availability_zone": "us-west-2c",
            "availability_zone_id": "usw2-az3",
            "cidr_block": "10.0.32.0/20",
            "customer_owned_ipv4_pool": "",
            "enable_dns64": false,
            "enable_lni_at_device_index": 0,
            "enable_resource_name_dns_a_record_on_launch": false,
            "enable_resource_name_dns_aaaa_record_on_launch": false,
            "id": "subnet-05a3d4dc6b65a8451",
            "ipv6_cidr_block": "",
            "ipv6_cidr_block_association_id": "",
            "ipv6_native": false,
            "map_customer_owned_ip_on_launch": false,
            "map_public_ip_on_launch": false,
            "outpost_arn": "",
            "owner_id": "939895954199",
            "private_dns_hostname_type_on_launch": "ip-name",
            "tags": {
              "kubernetes.io/cluster/syself-cluster": "shared"
            },
            "tags_all": {
              "kubernetes.io/cluster/syself-cluster": "shared",
              "project": "syself-task"
            },
            "timeouts": null,
            "vpc_id": "vpc-05820c1d3af06e1f4"
          },
          "sensitive_attributes": [],
          "private": "eyJlMmJmYjczMC1lY2FhLTExZTYtOGY4OC0zNDM2M2JjN2M0YzAiOnsiY3JlYXRlIjo2MDAwMDAwMDAwMDAsImRlbGV0ZSI6MTIwMDAwMDAwMDAwMH0sInNjaGVtYV92ZXJzaW9uIjoiMSJ9",
          "dependencies": [
            "aws_eip.syself_natgw_eip",
            "aws_nat_gateway.syself_natgw",
            "aws_subnet.syself_pub_sub",
            "aws_vpc.syself_vpc",
            "data.aws_availability_zones.available"
          ]
        }
      ]
    },
    {
      "mode": "managed",
      "type": "aws_subnet",
      "name": "syself_pub_sub",
      "provider": "provider[\"registry.terraform.io/hashicorp/aws\"]",
      "instances": [
        {
          "schema_version": 1,
          "attributes": {
            "arn": "arn:aws:ec2:us-west-2:939895954199:subnet/subnet-06947aba5db892834",
            "assign_ipv6_address_on_creation": false,
            "availability_zone": "us-west-2c",
            "availability_zone_id": "usw2-az3",
            "cidr_block": "10.0.48.0/20",
            "customer_owned_ipv4_pool": "",
            "enable_dns64": false,
            "enable_lni_at_device_index": 0,
            "enable_resource_name_dns_a_record_on_launch": false,
            "enable_resource_name_dns_aaaa_record_on_launch": false,
            "id": "subnet-06947aba5db892834",
            "ipv6_cidr_block": "",
            "ipv6_cidr_block_association_id": "",
            "ipv6_native": false,
            "map_customer_owned_ip_on_launch": false,
            "map_public_ip_on_launch": true,
            "outpost_arn": "",
            "owner_id": "939895954199",
            "private_dns_hostname_type_on_launch": "ip-name",
            "tags": null,
            "tags_all": {
              "project": "syself-task"
            },
            "timeouts": null,
            "vpc_id": "vpc-05820c1d3af06e1f4"
          },
          "sensitive_attributes": [],
          "private": "eyJlMmJmYjczMC1lY2FhLTExZTYtOGY4OC0zNDM2M2JjN2M0YzAiOnsiY3JlYXRlIjo2MDAwMDAwMDAwMDAsImRlbGV0ZSI6MTIwMDAwMDAwMDAwMH0sInNjaGVtYV92ZXJzaW9uIjoiMSJ9",
          "dependencies": [
            "aws_vpc.syself_vpc",
            "data.aws_availability_zones.available"
          ]
        }
      ]
    },
    {
      "mode": "managed",
      "type": "aws_vpc",
      "name": "syself_vpc",
      "provider": "provider[\"registry.terraform.io/hashicorp/aws\"]",
      "instances": [
        {
          "schema_version": 1,
          "attributes": {
            "arn": "arn:aws:ec2:us-west-2:939895954199:vpc/vpc-05820c1d3af06e1f4",
            "assign_generated_ipv6_cidr_block": false,
            "cidr_block": "10.0.0.0/16",
            "default_network_acl_id": "acl-0920a9ceaf84ec3bd",
            "default_route_table_id": "rtb-01e623daa379fe098",
            "default_security_group_id": "sg-0d6ef04335ff72532",
            "dhcp_options_id": "dopt-04c2330b365f93afa",
            "enable_classiclink": false,
            "enable_classiclink_dns_support": false,
            "enable_dns_hostnames": true,
            "enable_dns_support": true,
            "enable_network_address_usage_metrics": false,
            "id": "vpc-05820c1d3af06e1f4",
            "instance_tenancy": "default",
            "ipv4_ipam_pool_id": null,
            "ipv4_netmask_length": null,
            "ipv6_association_id": "",
            "ipv6_cidr_block": "",
            "ipv6_cidr_block_network_border_group": "",
            "ipv6_ipam_pool_id": "",
            "ipv6_netmask_length": 0,
            "main_route_table_id": "rtb-01e623daa379fe098",
            "owner_id": "939895954199",
            "tags": null,
            "tags_all": {
              "project": "syself-task"
            }
          },
          "sensitive_attributes": [],
          "private": "eyJzY2hlbWFfdmVyc2lvbiI6IjEifQ=="
        }
      ]
    },
    {
      "mode": "managed",
      "type": "local_file",
      "name": "output_yaml",
      "provider": "provider[\"registry.terraform.io/hashicorp/local\"]",
      "instances": [
        {
          "schema_version": 0,
          "attributes": {
            "content": "\"BASTION_IP\": \"34.222.214.2\"\n\"ENVIRONMENT\": \"prod\"\n\"LOADBALANCER_IP\": \"35.88.86.131\"\n\"MASTER1_IP\": \"10.0.7.68\"\n\"MASTER2_IP\": \"10.0.30.77\"\n\"MASTER3_IP\": \"10.0.40.107\"\n\"VPC_ID\": \"vpc-05820c1d3af06e1f4\"\n",
            "content_base64": null,
            "content_base64sha256": "Be+hisFPXkM1tZfLx71w04vveUbaoy+Xe4kIt+zIfF8=",
            "content_base64sha512": "rpEYDtXmRC+151ZpW175Nqis7+L49AGuRmzC0pKgpqvj3unzk7NQYV8v5thJenbuYYLTA8t7hNas4kvG5984JQ==",
            "content_md5": "581caa3ee2165aab64114a75e2437907",
            "content_sha1": "14040bbbeeb67b157544186953ba441b782a21cd",
            "content_sha256": "05efa18ac14f5e4335b597cbc7bd70d38bef7946daa32f977b8908b7ecc87c5f",
            "content_sha512": "ae91180ed5e6442fb5e756695b5ef936a8acefe2f8f401ae466cc2d292a0a6abe3dee9f393b350615f2fe6d8497a76ee6182d303cb7b84d6ace24bc6e7df3825",
            "directory_permission": "0777",
            "file_permission": "0777",
            "filename": "./syself-cluster-ips.yaml",
            "id": "14040bbbeeb67b157544186953ba441b782a21cd",
            "sensitive_content": null,
            "source": null
          },
          "sensitive_attributes": [],
          "dependencies": [
            "aws_eip.syself_natgw_eip",
            "aws_instance.syself_bastion",
            "aws_instance.syself_haproxy",
            "aws_instance.syself_master_nodes",
            "aws_key_pair.syself_publickey",
            "aws_nat_gateway.syself_natgw",
            "aws_security_group.syself_bastion_sg",
            "aws_security_group.syself_node_sg",
            "aws_subnet.syself_priv_subs",
            "aws_subnet.syself_pub_sub",
            "aws_vpc.syself_vpc",
            "data.aws_availability_zones.available",
            "tls_private_key.syself_privatekey"
          ]
        }
      ]
    },
    {
      "mode": "managed",
      "type": "local_file",
      "name": "private_key_file",
      "provider": "provider[\"registry.terraform.io/hashicorp/local\"]",
      "instances": [
        {
          "schema_version": 0,
          "attributes": {
            "content": "-----BEGIN RSA PRIVATE KEY-----\nMIIJKQIBAAKCAgEAlNEmXei9dE8QU8BXLDSHxGQvk2Ebw+4mhJBOlcb11eNSVQvb\nQqCFXLhfeahcZ3WOUBu8SCCrFFgysfNASpYBGXuX/EhG8yHWH1DQB8Gr/ztkAikp\np4bJSk24NXmpJ0Kke2bFlBTX2jr5zfMUbDtMCr5shNBfvvRaDnQnoJj1o7fq0ypI\nN7bgqam6jt5HhkcaGa/IcmsJoOY85q6ymZDUNs++TOBELBrLN+NPzHmkc0kJBn08\nNMir8akNFWJEmLlsD1eU5GsTcKZx+AT8/0tUOiXJbuwUMeruwisqC4668PipG/tE\nAIZdWTwkUTLsxYtFKzVHkp3RwBQEtUNxTWIga438GoCfwLAtJEYbqLq8xPUKUt56\npyyH1y3oQRoI5A6VjEGWE5nqG60elb9DDwq5Akl5TkMtlRO6qMM47ybW3gojm700\njrw942Mix3a5Eht2K7jM2e37GgIhM+sf8jN/5nC3B4bCqnVGLOb+lRuc3DMTHdqx\ncY0b2AHDBesEQV4XWmTcw6eHttGDY8o0u4wk9cJS1sjMc6ia//OKN0JDfjMidrOP\n8l62u5XW/l4aZ7JfvKzCmYPusF5ufRRX35MmDCs7pdrJC8QDX5Vb8B1dMZFoYlg9\nFIBCfOGOpRcmj0Xk0/Q8ZtDHr/lSDdc6esGVL5aJVWzu1wNIE3NFUND6v80CAwEA\nAQKCAgAGZh/iNdm/oI6xKzoUWoXj+fLZwXkyKZFabeITKqTzd3zYz1O0P7a8T+k7\nD/Q5NqLR6v9jkpQIoeo8IJuJGX4enGPiozD5z2CnpA/t5XQB24nnVeHGpFMPcNwU\n4JBXcdQkwjyIq4TEi3imVGdyZ/JTG/EKnPMhANzGdlQl4a3eRlBAmDbWvnRWl0fA\nUOp+aZxDsn1J/jRByOShfq2LUODvImuqXpJP2y8Vzh5mSmy50FAlCUmHc4GBOKWp\nX7pXXtG4ryll0PzbAS0xXvWJ/LE4dtt8e4Y6x0FQ9A4wxQhgyDBtVZaM9zoYVi+x\nliD8NYrZ2sajFUopmjLBoI7Epw2BwaYRMUxju1LlCdaB7njsHi+EPyeya9ABaCUO\n7vj41kXWbpbJqbDjW91o/4KEFnqu39bH/xRTgjAZ32WYhgTkza9OElRyP9mS9iUP\nSoBVEu8YRWjXaS6ly6S4VtbG95neEHoJ3tPKuiLGfugQPzi65XYot+a4RAuUw7WJ\n8xj/lvsCbJ1zC2kDOYl72gZO+r1vvJVW3CR2+WbpBXsGJjYK2emzrSmkKjX7G11Z\nWDjOP1udGOiDIIu30Si4KkPCFvgxhkEW0m1CHprxndL6kQubtTILTULvqiZNiiuk\n/h02m3YftjpjpYEFIs4McN+26Pl2obYo4r+EqXPcnWuFcIXIOQKCAQEAwxm2iE/h\nLbSUm5Qb9wcykC14Ow9wh96kbyF8wkKgoyn1Y5UzWcCJGpWEMIhz0JTADztbOjT5\nAAi7HAFLe+W9MgognDjRZfImaOdwssg11YIrhjP1VpFmHurJIRPMEAqQc11oz6D1\nDdFPK59AzS3PDF63rMvEDU5hP0QudTiHXa6nNengXh86cFZJoRHbg/0z1WFFTM0L\nQXJ5kBz+am9mviESJtAkCYlYKRisP6MPOHDjQrxVAcUZ7vQqopVUQu8KaK1Irg6s\nxTpLr3AATPkCXA+81TgnM+VSw8Q1WTN2Qcn8I17KFCdaG6UxRbGD7vHAlPu3TYnV\naxZom5hK7iSp0wKCAQEAw0T4pjn6D/MrIB+lBZW4/j3WN4AlbWOAIZK0tvz4FlQW\nX8zj10cXrqCcGk9yQbPaEnu9FgYAUphN/nn2jY+rDpivfQ1+FRXiblRIFqTFcnOe\nZy+e0hfaj5a2xn5y9WpIg21kfwU5USdowMWyfH579tMWmA3/XxzJ2y151RizR/Co\nUO+l+rtHRsRSte5Gl0nfLPtuGiDrOzM0xkLsDtzl3CeVtYJ0xf42D9vfJhVfXZok\nCn3Q26iOLgVgKdFpFvUCQ65s2A23fYIEYoGc9iqzxLi3BFw8PAPNOu9lOdfHYFYm\nF4iX10Yo0qqRcnO55PSAtHHyWAt8sQmwikOQsU5L3wKCAQEAq7m1PbQ5urYo2+v4\n1W2DZv5uxmVnomApEhxCqOZmaFelQ1rvUP+0bi7OpL1mW2Ci0IVpXgmEZjBJKXRG\nUa684g+h9n/YaEhE4K9eNi8dm2mxD7YqK2Fdprb4A+JeCnyR+slsWN0O9XOXoQjS\nzAaXKQcx2qmcTi4AUOSdk9YG6EGzsjPCpnYMRRbeRiTmt/2loxq0Gc6dKqUtNNkg\nYuTdZVrMlFc+cRpv+/RYoMbQvdg3YOVOWXl4wygtYt/Xw/aNjeeAgpwuHIecWLZX\nvWisWAYOKwr7DqW6PNA2OOagH3Y/NY7YhfbBTHYRsYt3Wll2LmyFQn2g2VpnBxV8\nVrL0uwKCAQEAkuA7I1UymXKvun7y8mt29Y1vptl1zXztMNOXqJhIxwrCtZZ4vkHU\nN17JbCTb7T2pxwNZ68nhzj6PU91LLZml8dm5DhfrAVMvuQseGiIf/gGnYTf5f0+/\n7wdPPah5Mc2a83iCAeTdAwTgjzdlFK1S8wo90Wud7V3LG1hubnIgz/jdsdtAfoMF\njt421G+Am2VOQBhy7aZbKXFPvd0yj89p+hmwSxHwYcjfwzf/9jZXQCGkAFw4kDCN\nmWIjvfCs2j66UExPxIc0wGvefnW9qY/fHhZOWzJBgGbfpPfSrRp39id2iXcNtzgn\nlqYDtxIC/otGj/OxdLZXORbvumAt4p/hAwKCAQAgWf0Mzi/JQcOvedFUPhRW6hWE\n0Q+6ldQR02NR/8aFKyUflHh9vJBJBUAIkA2QINpH8tWGPv94l34+wcmj5MOaR0bL\nisy82zvdanAQMkMTVa5L41t2Fa7UuoTys6dITxOfTeV2Mz3enINzbqrqqSNo5U4I\nfIa8QOItGb3vGIyOeB9HRxX+UE9BLWCQs4aoO9YBUsd1c8dSkAyiXLV0iEh38yMM\n8Rwo0llh0HYJjzO97HcLDblsM20ApugGn5J9P770LOwxvUoc2cODVdmfbnQhxTh+\nhpKIZPl0XzBuW1/KPsy62339E9c0WFury4fHjuAadLoUvBIyZdIp41elpoSF\n-----END RSA PRIVATE KEY-----\n",
            "content_base64": null,
            "content_base64sha256": "B+bHbFaUxA47EuVvzS0qLnG78DfAE+wLHCWuYmuZiRE=",
            "content_base64sha512": "Ng2UiVeLMXw+gEghsQbeR4bmbJTJzqCoAQh3FiZ9r13sfuGv7UQnNknHkAA5jYl9XFfWseaSGgEI4XBsUj3Ing==",
            "content_md5": "c94b9d1590e04d22c076fdfee0b47d82",
            "content_sha1": "ec1c19acb1237f425e84e488ed2d082d975de7f2",
            "content_sha256": "07e6c76c5694c40e3b12e56fcd2d2a2e71bbf037c013ec0b1c25ae626b998911",
            "content_sha512": "360d9489578b317c3e804821b106de4786e66c94c9cea0a801087716267daf5dec7ee1afed44273649c79000398d897d5c57d6b1e6921a0108e1706c523dc89e",
            "directory_permission": "0777",
            "file_permission": "0400",
            "filename": "./syself-key.pem",
            "id": "ec1c19acb1237f425e84e488ed2d082d975de7f2",
            "sensitive_content": null,
            "source": null
          },
          "sensitive_attributes": [
            [
              {
                "type": "get_attr",
                "value": "content"
              }
            ]
          ],
          "dependencies": [
            "tls_private_key.syself_privatekey"
          ]
        }
      ]
    },
    {
      "mode": "managed",
      "type": "tls_private_key",
      "name": "syself_privatekey",
      "provider": "provider[\"registry.terraform.io/hashicorp/tls\"]",
      "instances": [
        {
          "schema_version": 1,
          "attributes": {
            "algorithm": "RSA",
            "ecdsa_curve": "P224",
            "id": "fe4eb7236de4c4654bf1fbae9fe9e2899b414da9",
            "private_key_openssh": "-----BEGIN OPENSSH PRIVATE KEY-----\nb3BlbnNzaC1rZXktdjEAAAAABG5vbmUAAAAEbm9uZQAAAAAAAAABAAACFwAAAAdz\nc2gtcnNhAAAAAwEAAQAAAgEAlNEmXei9dE8QU8BXLDSHxGQvk2Ebw+4mhJBOlcb1\n1eNSVQvbQqCFXLhfeahcZ3WOUBu8SCCrFFgysfNASpYBGXuX/EhG8yHWH1DQB8Gr\n/ztkAikpp4bJSk24NXmpJ0Kke2bFlBTX2jr5zfMUbDtMCr5shNBfvvRaDnQnoJj1\no7fq0ypIN7bgqam6jt5HhkcaGa/IcmsJoOY85q6ymZDUNs++TOBELBrLN+NPzHmk\nc0kJBn08NMir8akNFWJEmLlsD1eU5GsTcKZx+AT8/0tUOiXJbuwUMeruwisqC466\n8PipG/tEAIZdWTwkUTLsxYtFKzVHkp3RwBQEtUNxTWIga438GoCfwLAtJEYbqLq8\nxPUKUt56pyyH1y3oQRoI5A6VjEGWE5nqG60elb9DDwq5Akl5TkMtlRO6qMM47ybW\n3gojm700jrw942Mix3a5Eht2K7jM2e37GgIhM+sf8jN/5nC3B4bCqnVGLOb+lRuc\n3DMTHdqxcY0b2AHDBesEQV4XWmTcw6eHttGDY8o0u4wk9cJS1sjMc6ia//OKN0JD\nfjMidrOP8l62u5XW/l4aZ7JfvKzCmYPusF5ufRRX35MmDCs7pdrJC8QDX5Vb8B1d\nMZFoYlg9FIBCfOGOpRcmj0Xk0/Q8ZtDHr/lSDdc6esGVL5aJVWzu1wNIE3NFUND6\nv80AAAc41W6yn9Vusp8AAAAHc3NoLXJzYQAAAgEAlNEmXei9dE8QU8BXLDSHxGQv\nk2Ebw+4mhJBOlcb11eNSVQvbQqCFXLhfeahcZ3WOUBu8SCCrFFgysfNASpYBGXuX\n/EhG8yHWH1DQB8Gr/ztkAikpp4bJSk24NXmpJ0Kke2bFlBTX2jr5zfMUbDtMCr5s\nhNBfvvRaDnQnoJj1o7fq0ypIN7bgqam6jt5HhkcaGa/IcmsJoOY85q6ymZDUNs++\nTOBELBrLN+NPzHmkc0kJBn08NMir8akNFWJEmLlsD1eU5GsTcKZx+AT8/0tUOiXJ\nbuwUMeruwisqC4668PipG/tEAIZdWTwkUTLsxYtFKzVHkp3RwBQEtUNxTWIga438\nGoCfwLAtJEYbqLq8xPUKUt56pyyH1y3oQRoI5A6VjEGWE5nqG60elb9DDwq5Akl5\nTkMtlRO6qMM47ybW3gojm700jrw942Mix3a5Eht2K7jM2e37GgIhM+sf8jN/5nC3\nB4bCqnVGLOb+lRuc3DMTHdqxcY0b2AHDBesEQV4XWmTcw6eHttGDY8o0u4wk9cJS\n1sjMc6ia//OKN0JDfjMidrOP8l62u5XW/l4aZ7JfvKzCmYPusF5ufRRX35MmDCs7\npdrJC8QDX5Vb8B1dMZFoYlg9FIBCfOGOpRcmj0Xk0/Q8ZtDHr/lSDdc6esGVL5aJ\nVWzu1wNIE3NFUND6v80AAAADAQABAAACAAZmH+I12b+gjrErOhRaheP58tnBeTIp\nkVpt4hMqpPN3fNjPU7Q/trxP6TsP9Dk2otHq/2OSlAih6jwgm4kZfh6cY+KjMPnP\nYKekD+3ldAHbiedV4cakUw9w3BTgkFdx1CTCPIirhMSLeKZUZ3Jn8lMb8Qqc8yEA\n3MZ2VCXhrd5GUECYNta+dFaXR8BQ6n5pnEOyfUn+NEHI5KF+rYtQ4O8ia6pekk/b\nLxXOHmZKbLnQUCUJSYdzgYE4palfulde0bivKWXQ/NsBLTFe9Yn8sTh223x7hjrH\nQVD0DjDFCGDIMG1Vloz3OhhWL7GWIPw1itnaxqMVSimaMsGgjsSnDYHBphExTGO7\nUuUJ1oHueOweL4Q/J7Jr0AFoJQ7u+PjWRdZulsmpsONb3Wj/goQWeq7f1sf/FFOC\nMBnfZZiGBOTNr04SVHI/2ZL2JQ9KgFUS7xhFaNdpLqXLpLhW1sb3md4Qegne08q6\nIsZ+6BA/OLrldii35rhEC5TDtYnzGP+W+wJsnXMLaQM5iXvaBk76vW+8lVbcJHb5\nZukFewYmNgrZ6bOtKaQqNfsbXVlYOM4/W50Y6IMgi7fRKLgqQ8IW+DGGQRbSbUIe\nmvGd0vqRC5u1MgtNQu+qJk2KK6T+HTabdh+2OmOlgQUizgxw37bo+Xahtijiv4Sp\nc9yda4Vwhcg5AAABACBZ/QzOL8lBw6950VQ+FFbqFYTRD7qV1BHTY1H/xoUrJR+U\neH28kEkFQAiQDZAg2kfy1YY+/3iXfj7ByaPkw5pHRsuKzLzbO91qcBAyQxNVrkvj\nW3YVrtS6hPKzp0hPE59N5XYzPd6cg3NuquqpI2jlTgh8hrxA4i0Zve8YjI54H0dH\nFf5QT0EtYJCzhqg71gFSx3Vzx1KQDKJctXSISHfzIwzxHCjSWWHQdgmPM73sdwsN\nuWwzbQCm6Aafkn0/vvQs7DG9ShzZw4NV2Z9udCHFOH6Gkohk+XRfMG5bX8o+zLrb\nff0T1zRYW6vLh8eO4Bp0uhS8EjJl0injV6WmhIUAAAEBAMMZtohP4S20lJuUG/cH\nMpAteDsPcIfepG8hfMJCoKMp9WOVM1nAiRqVhDCIc9CUwA87Wzo0+QAIuxwBS3vl\nvTIKIJw40WXyJmjncLLINdWCK4Yz9VaRZh7qySETzBAKkHNdaM+g9Q3RTyufQM0t\nzwxet6zLxA1OYT9ELnU4h12upzXp4F4fOnBWSaER24P9M9VhRUzNC0FyeZAc/mpv\nZr4hEibQJAmJWCkYrD+jDzhw40K8VQHFGe70KqKVVELvCmitSK4OrMU6S69wAEz5\nAlwPvNU4JzPlUsPENVkzdkHJ/CNeyhQnWhulMUWxg+7xwJT7t02J1WsWaJuYSu4k\nqdMAAAEBAMNE+KY5+g/zKyAfpQWVuP491jeAJW1jgCGStLb8+BZUFl/M49dHF66g\nnBpPckGz2hJ7vRYGAFKYTf559o2Pqw6Yr30NfhUV4m5USBakxXJznmcvntIX2o+W\ntsZ+cvVqSINtZH8FOVEnaMDFsnx+e/bTFpgN/18cydstedUYs0fwqFDvpfq7R0bE\nUrXuRpdJ3yz7bhog6zszNMZC7A7c5dwnlbWCdMX+Ng/b3yYVX12aJAp90Nuoji4F\nYCnRaRb1AkOubNgNt32CBGKBnPYqs8S4twRcPDwDzTrvZTnXx2BWJheIl9dGKNKq\nkXJzueT0gLRx8lgLfLEJsIpDkLFOS98AAAAAAQID\n-----END OPENSSH PRIVATE KEY-----\n",
            "private_key_pem": "-----BEGIN RSA PRIVATE KEY-----\nMIIJKQIBAAKCAgEAlNEmXei9dE8QU8BXLDSHxGQvk2Ebw+4mhJBOlcb11eNSVQvb\nQqCFXLhfeahcZ3WOUBu8SCCrFFgysfNASpYBGXuX/EhG8yHWH1DQB8Gr/ztkAikp\np4bJSk24NXmpJ0Kke2bFlBTX2jr5zfMUbDtMCr5shNBfvvRaDnQnoJj1o7fq0ypI\nN7bgqam6jt5HhkcaGa/IcmsJoOY85q6ymZDUNs++TOBELBrLN+NPzHmkc0kJBn08\nNMir8akNFWJEmLlsD1eU5GsTcKZx+AT8/0tUOiXJbuwUMeruwisqC4668PipG/tE\nAIZdWTwkUTLsxYtFKzVHkp3RwBQEtUNxTWIga438GoCfwLAtJEYbqLq8xPUKUt56\npyyH1y3oQRoI5A6VjEGWE5nqG60elb9DDwq5Akl5TkMtlRO6qMM47ybW3gojm700\njrw942Mix3a5Eht2K7jM2e37GgIhM+sf8jN/5nC3B4bCqnVGLOb+lRuc3DMTHdqx\ncY0b2AHDBesEQV4XWmTcw6eHttGDY8o0u4wk9cJS1sjMc6ia//OKN0JDfjMidrOP\n8l62u5XW/l4aZ7JfvKzCmYPusF5ufRRX35MmDCs7pdrJC8QDX5Vb8B1dMZFoYlg9\nFIBCfOGOpRcmj0Xk0/Q8ZtDHr/lSDdc6esGVL5aJVWzu1wNIE3NFUND6v80CAwEA\nAQKCAgAGZh/iNdm/oI6xKzoUWoXj+fLZwXkyKZFabeITKqTzd3zYz1O0P7a8T+k7\nD/Q5NqLR6v9jkpQIoeo8IJuJGX4enGPiozD5z2CnpA/t5XQB24nnVeHGpFMPcNwU\n4JBXcdQkwjyIq4TEi3imVGdyZ/JTG/EKnPMhANzGdlQl4a3eRlBAmDbWvnRWl0fA\nUOp+aZxDsn1J/jRByOShfq2LUODvImuqXpJP2y8Vzh5mSmy50FAlCUmHc4GBOKWp\nX7pXXtG4ryll0PzbAS0xXvWJ/LE4dtt8e4Y6x0FQ9A4wxQhgyDBtVZaM9zoYVi+x\nliD8NYrZ2sajFUopmjLBoI7Epw2BwaYRMUxju1LlCdaB7njsHi+EPyeya9ABaCUO\n7vj41kXWbpbJqbDjW91o/4KEFnqu39bH/xRTgjAZ32WYhgTkza9OElRyP9mS9iUP\nSoBVEu8YRWjXaS6ly6S4VtbG95neEHoJ3tPKuiLGfugQPzi65XYot+a4RAuUw7WJ\n8xj/lvsCbJ1zC2kDOYl72gZO+r1vvJVW3CR2+WbpBXsGJjYK2emzrSmkKjX7G11Z\nWDjOP1udGOiDIIu30Si4KkPCFvgxhkEW0m1CHprxndL6kQubtTILTULvqiZNiiuk\n/h02m3YftjpjpYEFIs4McN+26Pl2obYo4r+EqXPcnWuFcIXIOQKCAQEAwxm2iE/h\nLbSUm5Qb9wcykC14Ow9wh96kbyF8wkKgoyn1Y5UzWcCJGpWEMIhz0JTADztbOjT5\nAAi7HAFLe+W9MgognDjRZfImaOdwssg11YIrhjP1VpFmHurJIRPMEAqQc11oz6D1\nDdFPK59AzS3PDF63rMvEDU5hP0QudTiHXa6nNengXh86cFZJoRHbg/0z1WFFTM0L\nQXJ5kBz+am9mviESJtAkCYlYKRisP6MPOHDjQrxVAcUZ7vQqopVUQu8KaK1Irg6s\nxTpLr3AATPkCXA+81TgnM+VSw8Q1WTN2Qcn8I17KFCdaG6UxRbGD7vHAlPu3TYnV\naxZom5hK7iSp0wKCAQEAw0T4pjn6D/MrIB+lBZW4/j3WN4AlbWOAIZK0tvz4FlQW\nX8zj10cXrqCcGk9yQbPaEnu9FgYAUphN/nn2jY+rDpivfQ1+FRXiblRIFqTFcnOe\nZy+e0hfaj5a2xn5y9WpIg21kfwU5USdowMWyfH579tMWmA3/XxzJ2y151RizR/Co\nUO+l+rtHRsRSte5Gl0nfLPtuGiDrOzM0xkLsDtzl3CeVtYJ0xf42D9vfJhVfXZok\nCn3Q26iOLgVgKdFpFvUCQ65s2A23fYIEYoGc9iqzxLi3BFw8PAPNOu9lOdfHYFYm\nF4iX10Yo0qqRcnO55PSAtHHyWAt8sQmwikOQsU5L3wKCAQEAq7m1PbQ5urYo2+v4\n1W2DZv5uxmVnomApEhxCqOZmaFelQ1rvUP+0bi7OpL1mW2Ci0IVpXgmEZjBJKXRG\nUa684g+h9n/YaEhE4K9eNi8dm2mxD7YqK2Fdprb4A+JeCnyR+slsWN0O9XOXoQjS\nzAaXKQcx2qmcTi4AUOSdk9YG6EGzsjPCpnYMRRbeRiTmt/2loxq0Gc6dKqUtNNkg\nYuTdZVrMlFc+cRpv+/RYoMbQvdg3YOVOWXl4wygtYt/Xw/aNjeeAgpwuHIecWLZX\nvWisWAYOKwr7DqW6PNA2OOagH3Y/NY7YhfbBTHYRsYt3Wll2LmyFQn2g2VpnBxV8\nVrL0uwKCAQEAkuA7I1UymXKvun7y8mt29Y1vptl1zXztMNOXqJhIxwrCtZZ4vkHU\nN17JbCTb7T2pxwNZ68nhzj6PU91LLZml8dm5DhfrAVMvuQseGiIf/gGnYTf5f0+/\n7wdPPah5Mc2a83iCAeTdAwTgjzdlFK1S8wo90Wud7V3LG1hubnIgz/jdsdtAfoMF\njt421G+Am2VOQBhy7aZbKXFPvd0yj89p+hmwSxHwYcjfwzf/9jZXQCGkAFw4kDCN\nmWIjvfCs2j66UExPxIc0wGvefnW9qY/fHhZOWzJBgGbfpPfSrRp39id2iXcNtzgn\nlqYDtxIC/otGj/OxdLZXORbvumAt4p/hAwKCAQAgWf0Mzi/JQcOvedFUPhRW6hWE\n0Q+6ldQR02NR/8aFKyUflHh9vJBJBUAIkA2QINpH8tWGPv94l34+wcmj5MOaR0bL\nisy82zvdanAQMkMTVa5L41t2Fa7UuoTys6dITxOfTeV2Mz3enINzbqrqqSNo5U4I\nfIa8QOItGb3vGIyOeB9HRxX+UE9BLWCQs4aoO9YBUsd1c8dSkAyiXLV0iEh38yMM\n8Rwo0llh0HYJjzO97HcLDblsM20ApugGn5J9P770LOwxvUoc2cODVdmfbnQhxTh+\nhpKIZPl0XzBuW1/KPsy62339E9c0WFury4fHjuAadLoUvBIyZdIp41elpoSF\n-----END RSA PRIVATE KEY-----\n",
            "private_key_pem_pkcs8": "-----BEGIN PRIVATE KEY-----\nMIIJQwIBADANBgkqhkiG9w0BAQEFAASCCS0wggkpAgEAAoICAQCU0SZd6L10TxBT\nwFcsNIfEZC+TYRvD7iaEkE6VxvXV41JVC9tCoIVcuF95qFxndY5QG7xIIKsUWDKx\n80BKlgEZe5f8SEbzIdYfUNAHwav/O2QCKSmnhslKTbg1eaknQqR7ZsWUFNfaOvnN\n8xRsO0wKvmyE0F++9FoOdCegmPWjt+rTKkg3tuCpqbqO3keGRxoZr8hyawmg5jzm\nrrKZkNQ2z75M4EQsGss340/MeaRzSQkGfTw0yKvxqQ0VYkSYuWwPV5TkaxNwpnH4\nBPz/S1Q6Jclu7BQx6u7CKyoLjrrw+Kkb+0QAhl1ZPCRRMuzFi0UrNUeSndHAFAS1\nQ3FNYiBrjfwagJ/AsC0kRhuourzE9QpS3nqnLIfXLehBGgjkDpWMQZYTmeobrR6V\nv0MPCrkCSXlOQy2VE7qowzjvJtbeCiObvTSOvD3jYyLHdrkSG3YruMzZ7fsaAiEz\n6x/yM3/mcLcHhsKqdUYs5v6VG5zcMxMd2rFxjRvYAcMF6wRBXhdaZNzDp4e20YNj\nyjS7jCT1wlLWyMxzqJr/84o3QkN+MyJ2s4/yXra7ldb+Xhpnsl+8rMKZg+6wXm59\nFFffkyYMKzul2skLxANflVvwHV0xkWhiWD0UgEJ84Y6lFyaPReTT9Dxm0Mev+VIN\n1zp6wZUvlolVbO7XA0gTc0VQ0Pq/zQIDAQABAoICAAZmH+I12b+gjrErOhRaheP5\n8tnBeTIpkVpt4hMqpPN3fNjPU7Q/trxP6TsP9Dk2otHq/2OSlAih6jwgm4kZfh6c\nY+KjMPnPYKekD+3ldAHbiedV4cakUw9w3BTgkFdx1CTCPIirhMSLeKZUZ3Jn8lMb\n8Qqc8yEA3MZ2VCXhrd5GUECYNta+dFaXR8BQ6n5pnEOyfUn+NEHI5KF+rYtQ4O8i\na6pekk/bLxXOHmZKbLnQUCUJSYdzgYE4palfulde0bivKWXQ/NsBLTFe9Yn8sTh2\n23x7hjrHQVD0DjDFCGDIMG1Vloz3OhhWL7GWIPw1itnaxqMVSimaMsGgjsSnDYHB\nphExTGO7UuUJ1oHueOweL4Q/J7Jr0AFoJQ7u+PjWRdZulsmpsONb3Wj/goQWeq7f\n1sf/FFOCMBnfZZiGBOTNr04SVHI/2ZL2JQ9KgFUS7xhFaNdpLqXLpLhW1sb3md4Q\negne08q6IsZ+6BA/OLrldii35rhEC5TDtYnzGP+W+wJsnXMLaQM5iXvaBk76vW+8\nlVbcJHb5ZukFewYmNgrZ6bOtKaQqNfsbXVlYOM4/W50Y6IMgi7fRKLgqQ8IW+DGG\nQRbSbUIemvGd0vqRC5u1MgtNQu+qJk2KK6T+HTabdh+2OmOlgQUizgxw37bo+Xah\ntijiv4Spc9yda4Vwhcg5AoIBAQDDGbaIT+EttJSblBv3BzKQLXg7D3CH3qRvIXzC\nQqCjKfVjlTNZwIkalYQwiHPQlMAPO1s6NPkACLscAUt75b0yCiCcONFl8iZo53Cy\nyDXVgiuGM/VWkWYe6skhE8wQCpBzXWjPoPUN0U8rn0DNLc8MXresy8QNTmE/RC51\nOIddrqc16eBeHzpwVkmhEduD/TPVYUVMzQtBcnmQHP5qb2a+IRIm0CQJiVgpGKw/\now84cONCvFUBxRnu9CqilVRC7wporUiuDqzFOkuvcABM+QJcD7zVOCcz5VLDxDVZ\nM3ZByfwjXsoUJ1obpTFFsYPu8cCU+7dNidVrFmibmEruJKnTAoIBAQDDRPimOfoP\n8ysgH6UFlbj+PdY3gCVtY4AhkrS2/PgWVBZfzOPXRxeuoJwaT3JBs9oSe70WBgBS\nmE3+efaNj6sOmK99DX4VFeJuVEgWpMVyc55nL57SF9qPlrbGfnL1akiDbWR/BTlR\nJ2jAxbJ8fnv20xaYDf9fHMnbLXnVGLNH8KhQ76X6u0dGxFK17kaXSd8s+24aIOs7\nMzTGQuwO3OXcJ5W1gnTF/jYP298mFV9dmiQKfdDbqI4uBWAp0WkW9QJDrmzYDbd9\nggRigZz2KrPEuLcEXDw8A80672U518dgViYXiJfXRijSqpFyc7nk9IC0cfJYC3yx\nCbCKQ5CxTkvfAoIBAQCrubU9tDm6tijb6/jVbYNm/m7GZWeiYCkSHEKo5mZoV6VD\nWu9Q/7RuLs6kvWZbYKLQhWleCYRmMEkpdEZRrrziD6H2f9hoSETgr142Lx2babEP\ntiorYV2mtvgD4l4KfJH6yWxY3Q71c5ehCNLMBpcpBzHaqZxOLgBQ5J2T1gboQbOy\nM8KmdgxFFt5GJOa3/aWjGrQZzp0qpS002SBi5N1lWsyUVz5xGm/79FigxtC92Ddg\n5U5ZeXjDKC1i39fD9o2N54CCnC4ch5xYtle9aKxYBg4rCvsOpbo80DY45qAfdj81\njtiF9sFMdhGxi3daWXYubIVCfaDZWmcHFXxWsvS7AoIBAQCS4DsjVTKZcq+6fvLy\na3b1jW+m2XXNfO0w05eomEjHCsK1lni+QdQ3XslsJNvtPanHA1nryeHOPo9T3Ust\nmaXx2bkOF+sBUy+5Cx4aIh/+AadhN/l/T7/vB089qHkxzZrzeIIB5N0DBOCPN2UU\nrVLzCj3Ra53tXcsbWG5uciDP+N2x20B+gwWO3jbUb4CbZU5AGHLtplspcU+93TKP\nz2n6GbBLEfBhyN/DN//2NldAIaQAXDiQMI2ZYiO98KzaPrpQTE/EhzTAa95+db2p\nj98eFk5bMkGAZt+k99KtGnf2J3aJdw23OCeWpgO3EgL+i0aP87F0tlc5Fu+6YC3i\nn+EDAoIBACBZ/QzOL8lBw6950VQ+FFbqFYTRD7qV1BHTY1H/xoUrJR+UeH28kEkF\nQAiQDZAg2kfy1YY+/3iXfj7ByaPkw5pHRsuKzLzbO91qcBAyQxNVrkvjW3YVrtS6\nhPKzp0hPE59N5XYzPd6cg3NuquqpI2jlTgh8hrxA4i0Zve8YjI54H0dHFf5QT0Et\nYJCzhqg71gFSx3Vzx1KQDKJctXSISHfzIwzxHCjSWWHQdgmPM73sdwsNuWwzbQCm\n6Aafkn0/vvQs7DG9ShzZw4NV2Z9udCHFOH6Gkohk+XRfMG5bX8o+zLrbff0T1zRY\nW6vLh8eO4Bp0uhS8EjJl0injV6WmhIU=\n-----END PRIVATE KEY-----\n",
            "public_key_fingerprint_md5": "9b:c2:4d:50:74:7d:af:f6:63:19:e3:30:bf:37:a9:99",
            "public_key_fingerprint_sha256": "SHA256:pIYkL/Xdi94zSo+cosaTr52pCmz2j79ofLEN+QUCAyw",
            "public_key_openssh": "ssh-rsa AAAAB3NzaC1yc2EAAAADAQABAAACAQCU0SZd6L10TxBTwFcsNIfEZC+TYRvD7iaEkE6VxvXV41JVC9tCoIVcuF95qFxndY5QG7xIIKsUWDKx80BKlgEZe5f8SEbzIdYfUNAHwav/O2QCKSmnhslKTbg1eaknQqR7ZsWUFNfaOvnN8xRsO0wKvmyE0F++9FoOdCegmPWjt+rTKkg3tuCpqbqO3keGRxoZr8hyawmg5jzmrrKZkNQ2z75M4EQsGss340/MeaRzSQkGfTw0yKvxqQ0VYkSYuWwPV5TkaxNwpnH4BPz/S1Q6Jclu7BQx6u7CKyoLjrrw+Kkb+0QAhl1ZPCRRMuzFi0UrNUeSndHAFAS1Q3FNYiBrjfwagJ/AsC0kRhuourzE9QpS3nqnLIfXLehBGgjkDpWMQZYTmeobrR6Vv0MPCrkCSXlOQy2VE7qowzjvJtbeCiObvTSOvD3jYyLHdrkSG3YruMzZ7fsaAiEz6x/yM3/mcLcHhsKqdUYs5v6VG5zcMxMd2rFxjRvYAcMF6wRBXhdaZNzDp4e20YNjyjS7jCT1wlLWyMxzqJr/84o3QkN+MyJ2s4/yXra7ldb+Xhpnsl+8rMKZg+6wXm59FFffkyYMKzul2skLxANflVvwHV0xkWhiWD0UgEJ84Y6lFyaPReTT9Dxm0Mev+VIN1zp6wZUvlolVbO7XA0gTc0VQ0Pq/zQ==\n",
            "public_key_pem": "-----BEGIN PUBLIC KEY-----\nMIICIjANBgkqhkiG9w0BAQEFAAOCAg8AMIICCgKCAgEAlNEmXei9dE8QU8BXLDSH\nxGQvk2Ebw+4mhJBOlcb11eNSVQvbQqCFXLhfeahcZ3WOUBu8SCCrFFgysfNASpYB\nGXuX/EhG8yHWH1DQB8Gr/ztkAikpp4bJSk24NXmpJ0Kke2bFlBTX2jr5zfMUbDtM\nCr5shNBfvvRaDnQnoJj1o7fq0ypIN7bgqam6jt5HhkcaGa/IcmsJoOY85q6ymZDU\nNs++TOBELBrLN+NPzHmkc0kJBn08NMir8akNFWJEmLlsD1eU5GsTcKZx+AT8/0tU\nOiXJbuwUMeruwisqC4668PipG/tEAIZdWTwkUTLsxYtFKzVHkp3RwBQEtUNxTWIg\na438GoCfwLAtJEYbqLq8xPUKUt56pyyH1y3oQRoI5A6VjEGWE5nqG60elb9DDwq5\nAkl5TkMtlRO6qMM47ybW3gojm700jrw942Mix3a5Eht2K7jM2e37GgIhM+sf8jN/\n5nC3B4bCqnVGLOb+lRuc3DMTHdqxcY0b2AHDBesEQV4XWmTcw6eHttGDY8o0u4wk\n9cJS1sjMc6ia//OKN0JDfjMidrOP8l62u5XW/l4aZ7JfvKzCmYPusF5ufRRX35Mm\nDCs7pdrJC8QDX5Vb8B1dMZFoYlg9FIBCfOGOpRcmj0Xk0/Q8ZtDHr/lSDdc6esGV\nL5aJVWzu1wNIE3NFUND6v80CAwEAAQ==\n-----END PUBLIC KEY-----\n",
            "rsa_bits": 4096
          },
          "sensitive_attributes": []
        }
      ]
    }
  ],
  "check_results": null
}
